// !$*UTF8*$!
{
	archiveVersion = 1;
	classes = {
	};
	objectVersion = 56;
	objects = {

/* Begin PBXBuildFile section */
		2B580F94290A7AA2008A2D92 /* ObjectTrackingDemoApp.swift in Sources */ = {isa = PBXBuildFile; fileRef = 2B580F93290A7AA2008A2D92 /* ObjectTrackingDemoApp.swift */; };
		2B580F96290A7AA2008A2D92 /* ContentView.swift in Sources */ = {isa = PBXBuildFile; fileRef = 2B580F95290A7AA2008A2D92 /* ContentView.swift */; };
		2B580F98290A7AA5008A2D92 /* Assets.xcassets in Resources */ = {isa = PBXBuildFile; fileRef = 2B580F97290A7AA5008A2D92 /* Assets.xcassets */; };
		2B580F9B290A7AA5008A2D92 /* Preview Assets.xcassets in Resources */ = {isa = PBXBuildFile; fileRef = 2B580F9A290A7AA5008A2D92 /* Preview Assets.xcassets */; };
		2B80A68929641E3200DD3D9F /* singleLeft.scn in Resources */ = {isa = PBXBuildFile; fileRef = 2B80A68829641E3200DD3D9F /* singleLeft.scn */; };
		2B80A68B296421B300DD3D9F /* Resources.xcassets in Resources */ = {isa = PBXBuildFile; fileRef = 2B80A68A296421B300DD3D9F /* Resources.xcassets */; };
		2BB7EE44296346B000DDB7F2 /* art.scnassets in Resources */ = {isa = PBXBuildFile; fileRef = 2BB7EE432963456A00DDB7F2 /* art.scnassets */; };
		2BB7EE69296347F300DDB7F2 /* MessageLabel.swift in Sources */ = {isa = PBXBuildFile; fileRef = 2BB7EE5E296347D400DDB7F2 /* MessageLabel.swift */; };
		2BB7EE6A296347F300DDB7F2 /* FlashlightButton.swift in Sources */ = {isa = PBXBuildFile; fileRef = 2BB7EE5F296347D400DDB7F2 /* FlashlightButton.swift */; };
		2BB7EE6B296347F300DDB7F2 /* RoundedButton.swift in Sources */ = {isa = PBXBuildFile; fileRef = 2BB7EE60296347D400DDB7F2 /* RoundedButton.swift */; };
		2BB7EE6C296347FA00DDB7F2 /* Utilities.swift in Sources */ = {isa = PBXBuildFile; fileRef = 2BB7EE66296347D400DDB7F2 /* Utilities.swift */; };
		2BB7EE6D296347FA00DDB7F2 /* ARCameraTrackingState.swift in Sources */ = {isa = PBXBuildFile; fileRef = 2BB7EE67296347D400DDB7F2 /* ARCameraTrackingState.swift */; };
		2BB7EE6E296347FE00DDB7F2 /* ThresholdPanGestureRecognizer.swift in Sources */ = {isa = PBXBuildFile; fileRef = 2BB7EE64296347D400DDB7F2 /* ThresholdPanGestureRecognizer.swift */; };
		2BB7EE6F296347FE00DDB7F2 /* ThresholdRotationGestureRecognizer.swift in Sources */ = {isa = PBXBuildFile; fileRef = 2BB7EE62296347D400DDB7F2 /* ThresholdRotationGestureRecognizer.swift */; };
		2BB7EE70296347FE00DDB7F2 /* ThresholdPinchGestureRecognizer.swift in Sources */ = {isa = PBXBuildFile; fileRef = 2BB7EE63296347D400DDB7F2 /* ThresholdPinchGestureRecognizer.swift */; };
		2BB7EE712963480200DDB7F2 /* ViewController+NavigationBar.swift in Sources */ = {isa = PBXBuildFile; fileRef = 2BB7EE56296347D400DDB7F2 /* ViewController+NavigationBar.swift */; };
		2BB7EE722963480200DDB7F2 /* ShareScanViewController.swift in Sources */ = {isa = PBXBuildFile; fileRef = 2BB7EE58296347D400DDB7F2 /* ShareScanViewController.swift */; };
		2BB7EE732963480200DDB7F2 /* AppDelegate.swift in Sources */ = {isa = PBXBuildFile; fileRef = 2BB7EE59296347D400DDB7F2 /* AppDelegate.swift */; };
		2BB7EE742963480200DDB7F2 /* ViewController.swift in Sources */ = {isa = PBXBuildFile; fileRef = 2BB7EE55296347D400DDB7F2 /* ViewController.swift */; };
		2BB7EE752963480200DDB7F2 /* ViewController+SessionInfo.swift in Sources */ = {isa = PBXBuildFile; fileRef = 2BB7EE57296347D400DDB7F2 /* ViewController+SessionInfo.swift */; };
		2BB7EE762963480200DDB7F2 /* ViewController+Gestures.swift in Sources */ = {isa = PBXBuildFile; fileRef = 2BB7EE5A296347D400DDB7F2 /* ViewController+Gestures.swift */; };
		2BB7EE772963480200DDB7F2 /* Scan.swift in Sources */ = {isa = PBXBuildFile; fileRef = 2BB7EE5B296347D400DDB7F2 /* Scan.swift */; };
		2BB7EE782963480200DDB7F2 /* TestRun.swift in Sources */ = {isa = PBXBuildFile; fileRef = 2BB7EE54296347D400DDB7F2 /* TestRun.swift */; };
		2BB7EE792963480200DDB7F2 /* ViewController+ApplicationState.swift in Sources */ = {isa = PBXBuildFile; fileRef = 2BB7EE5C296347D400DDB7F2 /* ViewController+ApplicationState.swift */; };
		2BB7EE7A2963480600DDB7F2 /* Tile.swift in Sources */ = {isa = PBXBuildFile; fileRef = 2BB7EE51296347D300DDB7F2 /* Tile.swift */; };
		2BB7EE7B2963480600DDB7F2 /* BoundingBoxSide.swift in Sources */ = {isa = PBXBuildFile; fileRef = 2BB7EE4A296347D300DDB7F2 /* BoundingBoxSide.swift */; };
		2BB7EE7C2963480600DDB7F2 /* DetectedPointCloud.swift in Sources */ = {isa = PBXBuildFile; fileRef = 2BB7EE4D296347D300DDB7F2 /* DetectedPointCloud.swift */; };
		2BB7EE7D2963480600DDB7F2 /* ScannedObject.swift in Sources */ = {isa = PBXBuildFile; fileRef = 2BB7EE47296347D300DDB7F2 /* ScannedObject.swift */; };
		2BB7EE7E2963480600DDB7F2 /* PointCloud+CreateVisualization.swift in Sources */ = {isa = PBXBuildFile; fileRef = 2BB7EE4F296347D300DDB7F2 /* PointCloud+CreateVisualization.swift */; };
		2BB7EE7F2963480600DDB7F2 /* DetectedBoundingBox.swift in Sources */ = {isa = PBXBuildFile; fileRef = 2BB7EE50296347D300DDB7F2 /* DetectedBoundingBox.swift */; };
		2BB7EE802963480600DDB7F2 /* ScannedPointCloud.swift in Sources */ = {isa = PBXBuildFile; fileRef = 2BB7EE46296347D300DDB7F2 /* ScannedPointCloud.swift */; };
		2BB7EE812963480600DDB7F2 /* ObjectOrigin.swift in Sources */ = {isa = PBXBuildFile; fileRef = 2BB7EE52296347D300DDB7F2 /* ObjectOrigin.swift */; };
		2BB7EE822963480600DDB7F2 /* BoundingBox.swift in Sources */ = {isa = PBXBuildFile; fileRef = 2BB7EE49296347D300DDB7F2 /* BoundingBox.swift */; };
		2BB7EE832963480600DDB7F2 /* Snapping.swift in Sources */ = {isa = PBXBuildFile; fileRef = 2BB7EE4C296347D300DDB7F2 /* Snapping.swift */; };
		2BB7EE842963480600DDB7F2 /* ObjectOriginAxis.swift in Sources */ = {isa = PBXBuildFile; fileRef = 2BB7EE4E296347D300DDB7F2 /* ObjectOriginAxis.swift */; };
		2BB7EE852963480600DDB7F2 /* Wireframe.swift in Sources */ = {isa = PBXBuildFile; fileRef = 2BB7EE48296347D300DDB7F2 /* Wireframe.swift */; };
		2BB7EE862963480600DDB7F2 /* DetectedObject.swift in Sources */ = {isa = PBXBuildFile; fileRef = 2BB7EE4B296347D300DDB7F2 /* DetectedObject.swift */; };
		CDE042E6295F0B21003E31E5 /* Launch Screen.storyboard in Resources */ = {isa = PBXBuildFile; fileRef = CDE042E5295F0B21003E31E5 /* Launch Screen.storyboard */; };
		CDE042E8295F0DC7003E31E5 /* MainScreen.swift in Sources */ = {isa = PBXBuildFile; fileRef = CDE042E7295F0DC7003E31E5 /* MainScreen.swift */; };
		CDE042EA295F166F003E31E5 /* FilterScreen.swift in Sources */ = {isa = PBXBuildFile; fileRef = CDE042E9295F166F003E31E5 /* FilterScreen.swift */; };
		CDE043042962D228003E31E5 /* Roboto-Light.ttf in Resources */ = {isa = PBXBuildFile; fileRef = CDE042F82962D227003E31E5 /* Roboto-Light.ttf */; };
		CDE043052962D228003E31E5 /* Roboto-BlackItalic.ttf in Resources */ = {isa = PBXBuildFile; fileRef = CDE042F92962D227003E31E5 /* Roboto-BlackItalic.ttf */; };
		CDE043062962D228003E31E5 /* Roboto-Bold.ttf in Resources */ = {isa = PBXBuildFile; fileRef = CDE042FA2962D227003E31E5 /* Roboto-Bold.ttf */; };
		CDE043072962D228003E31E5 /* Roboto-LightItalic.ttf in Resources */ = {isa = PBXBuildFile; fileRef = CDE042FB2962D227003E31E5 /* Roboto-LightItalic.ttf */; };
		CDE043082962D228003E31E5 /* Roboto-Medium.ttf in Resources */ = {isa = PBXBuildFile; fileRef = CDE042FC2962D227003E31E5 /* Roboto-Medium.ttf */; };
		CDE043092962D228003E31E5 /* Roboto-Thin.ttf in Resources */ = {isa = PBXBuildFile; fileRef = CDE042FD2962D227003E31E5 /* Roboto-Thin.ttf */; };
		CDE0430A2962D228003E31E5 /* Roboto-Regular.ttf in Resources */ = {isa = PBXBuildFile; fileRef = CDE042FE2962D228003E31E5 /* Roboto-Regular.ttf */; };
		CDE0430B2962D228003E31E5 /* Roboto-Black.ttf in Resources */ = {isa = PBXBuildFile; fileRef = CDE042FF2962D228003E31E5 /* Roboto-Black.ttf */; };
		CDE0430C2962D228003E31E5 /* Roboto-ThinItalic.ttf in Resources */ = {isa = PBXBuildFile; fileRef = CDE043002962D228003E31E5 /* Roboto-ThinItalic.ttf */; };
		CDE0430D2962D228003E31E5 /* Roboto-MediumItalic.ttf in Resources */ = {isa = PBXBuildFile; fileRef = CDE043012962D228003E31E5 /* Roboto-MediumItalic.ttf */; };
		CDE0430E2962D228003E31E5 /* Roboto-BoldItalic.ttf in Resources */ = {isa = PBXBuildFile; fileRef = CDE043022962D228003E31E5 /* Roboto-BoldItalic.ttf */; };
		CDE0430F2962D228003E31E5 /* Roboto-Italic.ttf in Resources */ = {isa = PBXBuildFile; fileRef = CDE043032962D228003E31E5 /* Roboto-Italic.ttf */; };
		CDE043112962D8EA003E31E5 /* ShoeListView.swift in Sources */ = {isa = PBXBuildFile; fileRef = CDE043102962D8EA003E31E5 /* ShoeListView.swift */; };
/* End PBXBuildFile section */

/* Begin PBXFileReference section */
		2B580F90290A7AA2008A2D92 /* ObjectTrackingDemo.app */ = {isa = PBXFileReference; explicitFileType = wrapper.application; includeInIndex = 0; path = ObjectTrackingDemo.app; sourceTree = BUILT_PRODUCTS_DIR; };
		2B580F93290A7AA2008A2D92 /* ObjectTrackingDemoApp.swift */ = {isa = PBXFileReference; lastKnownFileType = sourcecode.swift; path = ObjectTrackingDemoApp.swift; sourceTree = "<group>"; };
		2B580F95290A7AA2008A2D92 /* ContentView.swift */ = {isa = PBXFileReference; lastKnownFileType = sourcecode.swift; path = ContentView.swift; sourceTree = "<group>"; };
		2B580F97290A7AA5008A2D92 /* Assets.xcassets */ = {isa = PBXFileReference; lastKnownFileType = folder.assetcatalog; path = Assets.xcassets; sourceTree = "<group>"; };
		2B580F9A290A7AA5008A2D92 /* Preview Assets.xcassets */ = {isa = PBXFileReference; lastKnownFileType = folder.assetcatalog; path = "Preview Assets.xcassets"; sourceTree = "<group>"; };
		2B80A68829641E3200DD3D9F /* singleLeft.scn */ = {isa = PBXFileReference; lastKnownFileType = file.bplist; path = singleLeft.scn; sourceTree = "<group>"; };
		2B80A68A296421B300DD3D9F /* Resources.xcassets */ = {isa = PBXFileReference; lastKnownFileType = folder.assetcatalog; path = Resources.xcassets; sourceTree = "<group>"; };
		2BB7EE432963456A00DDB7F2 /* art.scnassets */ = {isa = PBXFileReference; lastKnownFileType = wrapper.scnassets; path = art.scnassets; sourceTree = "<group>"; };
		2BB7EE46296347D300DDB7F2 /* ScannedPointCloud.swift */ = {isa = PBXFileReference; lastKnownFileType = sourcecode.swift; path = ScannedPointCloud.swift; sourceTree = "<group>"; };
		2BB7EE47296347D300DDB7F2 /* ScannedObject.swift */ = {isa = PBXFileReference; lastKnownFileType = sourcecode.swift; path = ScannedObject.swift; sourceTree = "<group>"; };
		2BB7EE48296347D300DDB7F2 /* Wireframe.swift */ = {isa = PBXFileReference; lastKnownFileType = sourcecode.swift; path = Wireframe.swift; sourceTree = "<group>"; };
		2BB7EE49296347D300DDB7F2 /* BoundingBox.swift */ = {isa = PBXFileReference; lastKnownFileType = sourcecode.swift; path = BoundingBox.swift; sourceTree = "<group>"; };
		2BB7EE4A296347D300DDB7F2 /* BoundingBoxSide.swift */ = {isa = PBXFileReference; lastKnownFileType = sourcecode.swift; path = BoundingBoxSide.swift; sourceTree = "<group>"; };
		2BB7EE4B296347D300DDB7F2 /* DetectedObject.swift */ = {isa = PBXFileReference; lastKnownFileType = sourcecode.swift; path = DetectedObject.swift; sourceTree = "<group>"; };
		2BB7EE4C296347D300DDB7F2 /* Snapping.swift */ = {isa = PBXFileReference; lastKnownFileType = sourcecode.swift; path = Snapping.swift; sourceTree = "<group>"; };
		2BB7EE4D296347D300DDB7F2 /* DetectedPointCloud.swift */ = {isa = PBXFileReference; lastKnownFileType = sourcecode.swift; path = DetectedPointCloud.swift; sourceTree = "<group>"; };
		2BB7EE4E296347D300DDB7F2 /* ObjectOriginAxis.swift */ = {isa = PBXFileReference; lastKnownFileType = sourcecode.swift; path = ObjectOriginAxis.swift; sourceTree = "<group>"; };
		2BB7EE4F296347D300DDB7F2 /* PointCloud+CreateVisualization.swift */ = {isa = PBXFileReference; lastKnownFileType = sourcecode.swift; path = "PointCloud+CreateVisualization.swift"; sourceTree = "<group>"; };
		2BB7EE50296347D300DDB7F2 /* DetectedBoundingBox.swift */ = {isa = PBXFileReference; lastKnownFileType = sourcecode.swift; path = DetectedBoundingBox.swift; sourceTree = "<group>"; };
		2BB7EE51296347D300DDB7F2 /* Tile.swift */ = {isa = PBXFileReference; lastKnownFileType = sourcecode.swift; path = Tile.swift; sourceTree = "<group>"; };
		2BB7EE52296347D300DDB7F2 /* ObjectOrigin.swift */ = {isa = PBXFileReference; lastKnownFileType = sourcecode.swift; path = ObjectOrigin.swift; sourceTree = "<group>"; };
		2BB7EE54296347D400DDB7F2 /* TestRun.swift */ = {isa = PBXFileReference; lastKnownFileType = sourcecode.swift; path = TestRun.swift; sourceTree = "<group>"; };
		2BB7EE55296347D400DDB7F2 /* ViewController.swift */ = {isa = PBXFileReference; lastKnownFileType = sourcecode.swift; path = ViewController.swift; sourceTree = "<group>"; };
		2BB7EE56296347D400DDB7F2 /* ViewController+NavigationBar.swift */ = {isa = PBXFileReference; lastKnownFileType = sourcecode.swift; path = "ViewController+NavigationBar.swift"; sourceTree = "<group>"; };
		2BB7EE57296347D400DDB7F2 /* ViewController+SessionInfo.swift */ = {isa = PBXFileReference; lastKnownFileType = sourcecode.swift; path = "ViewController+SessionInfo.swift"; sourceTree = "<group>"; };
		2BB7EE58296347D400DDB7F2 /* ShareScanViewController.swift */ = {isa = PBXFileReference; lastKnownFileType = sourcecode.swift; path = ShareScanViewController.swift; sourceTree = "<group>"; };
		2BB7EE59296347D400DDB7F2 /* AppDelegate.swift */ = {isa = PBXFileReference; lastKnownFileType = sourcecode.swift; path = AppDelegate.swift; sourceTree = "<group>"; };
		2BB7EE5A296347D400DDB7F2 /* ViewController+Gestures.swift */ = {isa = PBXFileReference; lastKnownFileType = sourcecode.swift; path = "ViewController+Gestures.swift"; sourceTree = "<group>"; };
		2BB7EE5B296347D400DDB7F2 /* Scan.swift */ = {isa = PBXFileReference; lastKnownFileType = sourcecode.swift; path = Scan.swift; sourceTree = "<group>"; };
		2BB7EE5C296347D400DDB7F2 /* ViewController+ApplicationState.swift */ = {isa = PBXFileReference; lastKnownFileType = sourcecode.swift; path = "ViewController+ApplicationState.swift"; sourceTree = "<group>"; };
		2BB7EE5E296347D400DDB7F2 /* MessageLabel.swift */ = {isa = PBXFileReference; lastKnownFileType = sourcecode.swift; path = MessageLabel.swift; sourceTree = "<group>"; };
		2BB7EE5F296347D400DDB7F2 /* FlashlightButton.swift */ = {isa = PBXFileReference; lastKnownFileType = sourcecode.swift; path = FlashlightButton.swift; sourceTree = "<group>"; };
		2BB7EE60296347D400DDB7F2 /* RoundedButton.swift */ = {isa = PBXFileReference; lastKnownFileType = sourcecode.swift; path = RoundedButton.swift; sourceTree = "<group>"; };
		2BB7EE62296347D400DDB7F2 /* ThresholdRotationGestureRecognizer.swift */ = {isa = PBXFileReference; lastKnownFileType = sourcecode.swift; path = ThresholdRotationGestureRecognizer.swift; sourceTree = "<group>"; };
		2BB7EE63296347D400DDB7F2 /* ThresholdPinchGestureRecognizer.swift */ = {isa = PBXFileReference; lastKnownFileType = sourcecode.swift; path = ThresholdPinchGestureRecognizer.swift; sourceTree = "<group>"; };
		2BB7EE64296347D400DDB7F2 /* ThresholdPanGestureRecognizer.swift */ = {isa = PBXFileReference; lastKnownFileType = sourcecode.swift; path = ThresholdPanGestureRecognizer.swift; sourceTree = "<group>"; };
		2BB7EE66296347D400DDB7F2 /* Utilities.swift */ = {isa = PBXFileReference; lastKnownFileType = sourcecode.swift; path = Utilities.swift; sourceTree = "<group>"; };
		2BB7EE67296347D400DDB7F2 /* ARCameraTrackingState.swift */ = {isa = PBXFileReference; lastKnownFileType = sourcecode.swift; path = ARCameraTrackingState.swift; sourceTree = "<group>"; };
		2BFB92F3290BF6A800E1F0A0 /* Info.plist */ = {isa = PBXFileReference; lastKnownFileType = text.plist; path = Info.plist; sourceTree = "<group>"; };
		CDE042E5295F0B21003E31E5 /* Launch Screen.storyboard */ = {isa = PBXFileReference; lastKnownFileType = file.storyboard; path = "Launch Screen.storyboard"; sourceTree = "<group>"; };
		CDE042E7295F0DC7003E31E5 /* MainScreen.swift */ = {isa = PBXFileReference; lastKnownFileType = sourcecode.swift; path = MainScreen.swift; sourceTree = "<group>"; };
		CDE042E9295F166F003E31E5 /* FilterScreen.swift */ = {isa = PBXFileReference; lastKnownFileType = sourcecode.swift; path = FilterScreen.swift; sourceTree = "<group>"; };
		CDE042F82962D227003E31E5 /* Roboto-Light.ttf */ = {isa = PBXFileReference; lastKnownFileType = file; path = "Roboto-Light.ttf"; sourceTree = "<group>"; };
		CDE042F92962D227003E31E5 /* Roboto-BlackItalic.ttf */ = {isa = PBXFileReference; lastKnownFileType = file; path = "Roboto-BlackItalic.ttf"; sourceTree = "<group>"; };
		CDE042FA2962D227003E31E5 /* Roboto-Bold.ttf */ = {isa = PBXFileReference; lastKnownFileType = file; path = "Roboto-Bold.ttf"; sourceTree = "<group>"; };
		CDE042FB2962D227003E31E5 /* Roboto-LightItalic.ttf */ = {isa = PBXFileReference; lastKnownFileType = file; path = "Roboto-LightItalic.ttf"; sourceTree = "<group>"; };
		CDE042FC2962D227003E31E5 /* Roboto-Medium.ttf */ = {isa = PBXFileReference; lastKnownFileType = file; path = "Roboto-Medium.ttf"; sourceTree = "<group>"; };
		CDE042FD2962D227003E31E5 /* Roboto-Thin.ttf */ = {isa = PBXFileReference; lastKnownFileType = file; path = "Roboto-Thin.ttf"; sourceTree = "<group>"; };
		CDE042FE2962D228003E31E5 /* Roboto-Regular.ttf */ = {isa = PBXFileReference; lastKnownFileType = file; path = "Roboto-Regular.ttf"; sourceTree = "<group>"; };
		CDE042FF2962D228003E31E5 /* Roboto-Black.ttf */ = {isa = PBXFileReference; lastKnownFileType = file; path = "Roboto-Black.ttf"; sourceTree = "<group>"; };
		CDE043002962D228003E31E5 /* Roboto-ThinItalic.ttf */ = {isa = PBXFileReference; lastKnownFileType = file; path = "Roboto-ThinItalic.ttf"; sourceTree = "<group>"; };
		CDE043012962D228003E31E5 /* Roboto-MediumItalic.ttf */ = {isa = PBXFileReference; lastKnownFileType = file; path = "Roboto-MediumItalic.ttf"; sourceTree = "<group>"; };
		CDE043022962D228003E31E5 /* Roboto-BoldItalic.ttf */ = {isa = PBXFileReference; lastKnownFileType = file; path = "Roboto-BoldItalic.ttf"; sourceTree = "<group>"; };
		CDE043032962D228003E31E5 /* Roboto-Italic.ttf */ = {isa = PBXFileReference; lastKnownFileType = file; path = "Roboto-Italic.ttf"; sourceTree = "<group>"; };
		CDE043102962D8EA003E31E5 /* ShoeListView.swift */ = {isa = PBXFileReference; lastKnownFileType = sourcecode.swift; path = ShoeListView.swift; sourceTree = "<group>"; };
/* End PBXFileReference section */

/* Begin PBXFrameworksBuildPhase section */
		2B580F8D290A7AA2008A2D92 /* Frameworks */ = {
			isa = PBXFrameworksBuildPhase;
			buildActionMask = 2147483647;
			files = (
			);
			runOnlyForDeploymentPostprocessing = 0;
		};
/* End PBXFrameworksBuildPhase section */

/* Begin PBXGroup section */
		2B580F87290A7AA2008A2D92 = {
			isa = PBXGroup;
			children = (
				2B580FA1290A7ADC008A2D92 /* Packages */,
				2B580F92290A7AA2008A2D92 /* ObjectTrackingDemo */,
				2B580F91290A7AA2008A2D92 /* Products */,
				2B580FA3290A7DD5008A2D92 /* Frameworks */,
			);
			sourceTree = "<group>";
		};
		2B580F91290A7AA2008A2D92 /* Products */ = {
			isa = PBXGroup;
			children = (
				2B580F90290A7AA2008A2D92 /* ObjectTrackingDemo.app */,
			);
			name = Products;
			sourceTree = "<group>";
		};
		2B580F92290A7AA2008A2D92 /* ObjectTrackingDemo */ = {
			isa = PBXGroup;
			children = (
				2B80A68A296421B300DD3D9F /* Resources.xcassets */,
				2B80A68829641E3200DD3D9F /* singleLeft.scn */,
				2BB7EE45296347D300DDB7F2 /* 3D UI and Visualizations  */,
				2BB7EE53296347D400DDB7F2 /* Controllers */,
				2BB7EE61296347D400DDB7F2 /* Gesture Recognizers */,
				2BB7EE65296347D400DDB7F2 /* Utility Extensions */,
				2BB7EE5D296347D400DDB7F2 /* Views */,
				2BB7EE432963456A00DDB7F2 /* art.scnassets */,
				CDE043122962E264003E31E5 /* CustomViews */,
				CDE042F72962D20C003E31E5 /* Fonts */,
				2BFB92F3290BF6A800E1F0A0 /* Info.plist */,
				2B580F93290A7AA2008A2D92 /* ObjectTrackingDemoApp.swift */,
				2B580F95290A7AA2008A2D92 /* ContentView.swift */,
				2B580F97290A7AA5008A2D92 /* Assets.xcassets */,
				2B580F99290A7AA5008A2D92 /* Preview Content */,
				CDE042E5295F0B21003E31E5 /* Launch Screen.storyboard */,
				CDE042E7295F0DC7003E31E5 /* MainScreen.swift */,
				CDE042E9295F166F003E31E5 /* FilterScreen.swift */,
			);
			path = ObjectTrackingDemo;
			sourceTree = "<group>";
		};
		2B580F99290A7AA5008A2D92 /* Preview Content */ = {
			isa = PBXGroup;
			children = (
				2B580F9A290A7AA5008A2D92 /* Preview Assets.xcassets */,
			);
			path = "Preview Content";
			sourceTree = "<group>";
		};
		2B580FA1290A7ADC008A2D92 /* Packages */ = {
			isa = PBXGroup;
			children = (
			);
			name = Packages;
			sourceTree = "<group>";
		};
		2B580FA3290A7DD5008A2D92 /* Frameworks */ = {
			isa = PBXGroup;
			children = (
			);
			name = Frameworks;
			sourceTree = "<group>";
		};
		2BB7EE45296347D300DDB7F2 /* 3D UI and Visualizations  */ = {
			isa = PBXGroup;
			children = (
				2BB7EE46296347D300DDB7F2 /* ScannedPointCloud.swift */,
				2BB7EE47296347D300DDB7F2 /* ScannedObject.swift */,
				2BB7EE48296347D300DDB7F2 /* Wireframe.swift */,
				2BB7EE49296347D300DDB7F2 /* BoundingBox.swift */,
				2BB7EE4A296347D300DDB7F2 /* BoundingBoxSide.swift */,
				2BB7EE4B296347D300DDB7F2 /* DetectedObject.swift */,
				2BB7EE4C296347D300DDB7F2 /* Snapping.swift */,
				2BB7EE4D296347D300DDB7F2 /* DetectedPointCloud.swift */,
				2BB7EE4E296347D300DDB7F2 /* ObjectOriginAxis.swift */,
				2BB7EE4F296347D300DDB7F2 /* PointCloud+CreateVisualization.swift */,
				2BB7EE50296347D300DDB7F2 /* DetectedBoundingBox.swift */,
				2BB7EE51296347D300DDB7F2 /* Tile.swift */,
				2BB7EE52296347D300DDB7F2 /* ObjectOrigin.swift */,
			);
			path = "3D UI and Visualizations ";
			sourceTree = "<group>";
		};
		2BB7EE53296347D400DDB7F2 /* Controllers */ = {
			isa = PBXGroup;
			children = (
				2BB7EE54296347D400DDB7F2 /* TestRun.swift */,
				2BB7EE55296347D400DDB7F2 /* ViewController.swift */,
				2BB7EE56296347D400DDB7F2 /* ViewController+NavigationBar.swift */,
				2BB7EE57296347D400DDB7F2 /* ViewController+SessionInfo.swift */,
				2BB7EE58296347D400DDB7F2 /* ShareScanViewController.swift */,
				2BB7EE59296347D400DDB7F2 /* AppDelegate.swift */,
				2BB7EE5A296347D400DDB7F2 /* ViewController+Gestures.swift */,
				2BB7EE5B296347D400DDB7F2 /* Scan.swift */,
				2BB7EE5C296347D400DDB7F2 /* ViewController+ApplicationState.swift */,
			);
			path = Controllers;
			sourceTree = "<group>";
		};
		2BB7EE5D296347D400DDB7F2 /* Views */ = {
			isa = PBXGroup;
			children = (
				2BB7EE5E296347D400DDB7F2 /* MessageLabel.swift */,
				2BB7EE5F296347D400DDB7F2 /* FlashlightButton.swift */,
				2BB7EE60296347D400DDB7F2 /* RoundedButton.swift */,
			);
			path = Views;
			sourceTree = "<group>";
		};
		2BB7EE61296347D400DDB7F2 /* Gesture Recognizers */ = {
			isa = PBXGroup;
			children = (
				2BB7EE62296347D400DDB7F2 /* ThresholdRotationGestureRecognizer.swift */,
				2BB7EE63296347D400DDB7F2 /* ThresholdPinchGestureRecognizer.swift */,
				2BB7EE64296347D400DDB7F2 /* ThresholdPanGestureRecognizer.swift */,
			);
			path = "Gesture Recognizers";
			sourceTree = "<group>";
		};
		2BB7EE65296347D400DDB7F2 /* Utility Extensions */ = {
			isa = PBXGroup;
			children = (
				2BB7EE66296347D400DDB7F2 /* Utilities.swift */,
				2BB7EE67296347D400DDB7F2 /* ARCameraTrackingState.swift */,
			);
			path = "Utility Extensions";
			sourceTree = "<group>";
		};
		CDE042F72962D20C003E31E5 /* Fonts */ = {
			isa = PBXGroup;
			children = (
				CDE042FF2962D228003E31E5 /* Roboto-Black.ttf */,
				CDE042F92962D227003E31E5 /* Roboto-BlackItalic.ttf */,
				CDE042FA2962D227003E31E5 /* Roboto-Bold.ttf */,
				CDE043022962D228003E31E5 /* Roboto-BoldItalic.ttf */,
				CDE043032962D228003E31E5 /* Roboto-Italic.ttf */,
				CDE042F82962D227003E31E5 /* Roboto-Light.ttf */,
				CDE042FB2962D227003E31E5 /* Roboto-LightItalic.ttf */,
				CDE042FC2962D227003E31E5 /* Roboto-Medium.ttf */,
				CDE043012962D228003E31E5 /* Roboto-MediumItalic.ttf */,
				CDE042FE2962D228003E31E5 /* Roboto-Regular.ttf */,
				CDE042FD2962D227003E31E5 /* Roboto-Thin.ttf */,
				CDE043002962D228003E31E5 /* Roboto-ThinItalic.ttf */,
			);
			path = Fonts;
			sourceTree = "<group>";
		};
		CDE043122962E264003E31E5 /* CustomViews */ = {
			isa = PBXGroup;
			children = (
				CDE043102962D8EA003E31E5 /* ShoeListView.swift */,
			);
			path = CustomViews;
			sourceTree = "<group>";
		};
/* End PBXGroup section */

/* Begin PBXNativeTarget section */
		2B580F8F290A7AA2008A2D92 /* ObjectTrackingDemo */ = {
			isa = PBXNativeTarget;
			buildConfigurationList = 2B580F9E290A7AA5008A2D92 /* Build configuration list for PBXNativeTarget "ObjectTrackingDemo" */;
			buildPhases = (
				2B580F8C290A7AA2008A2D92 /* Sources */,
				2B580F8D290A7AA2008A2D92 /* Frameworks */,
				2B580F8E290A7AA2008A2D92 /* Resources */,
			);
			buildRules = (
			);
			dependencies = (
			);
			name = ObjectTrackingDemo;
			packageProductDependencies = (
			);
			productName = ObjectTrackingDemo;
			productReference = 2B580F90290A7AA2008A2D92 /* ObjectTrackingDemo.app */;
			productType = "com.apple.product-type.application";
		};
/* End PBXNativeTarget section */

/* Begin PBXProject section */
		2B580F88290A7AA2008A2D92 /* Project object */ = {
			isa = PBXProject;
			attributes = {
				BuildIndependentTargetsInParallel = 1;
				LastSwiftUpdateCheck = 1410;
				LastUpgradeCheck = 1410;
				TargetAttributes = {
					2B580F8F290A7AA2008A2D92 = {
						CreatedOnToolsVersion = 14.1;
					};
				};
			};
			buildConfigurationList = 2B580F8B290A7AA2008A2D92 /* Build configuration list for PBXProject "ObjectTrackingDemo" */;
			compatibilityVersion = "Xcode 14.0";
			developmentRegion = en;
			hasScannedForEncodings = 0;
			knownRegions = (
				en,
				Base,
			);
			mainGroup = 2B580F87290A7AA2008A2D92;
			productRefGroup = 2B580F91290A7AA2008A2D92 /* Products */;
			projectDirPath = "";
			projectRoot = "";
			targets = (
				2B580F8F290A7AA2008A2D92 /* ObjectTrackingDemo */,
			);
		};
/* End PBXProject section */

/* Begin PBXResourcesBuildPhase section */
		2B580F8E290A7AA2008A2D92 /* Resources */ = {
			isa = PBXResourcesBuildPhase;
			buildActionMask = 2147483647;
			files = (
				CDE0430C2962D228003E31E5 /* Roboto-ThinItalic.ttf in Resources */,
				CDE043082962D228003E31E5 /* Roboto-Medium.ttf in Resources */,
				CDE0430D2962D228003E31E5 /* Roboto-MediumItalic.ttf in Resources */,
				CDE042E6295F0B21003E31E5 /* Launch Screen.storyboard in Resources */,
				CDE0430A2962D228003E31E5 /* Roboto-Regular.ttf in Resources */,
				2B580F9B290A7AA5008A2D92 /* Preview Assets.xcassets in Resources */,
				CDE043072962D228003E31E5 /* Roboto-LightItalic.ttf in Resources */,
				CDE0430F2962D228003E31E5 /* Roboto-Italic.ttf in Resources */,
				CDE0430B2962D228003E31E5 /* Roboto-Black.ttf in Resources */,
				2BB7EE44296346B000DDB7F2 /* art.scnassets in Resources */,
				2B80A68929641E3200DD3D9F /* singleLeft.scn in Resources */,
				CDE043062962D228003E31E5 /* Roboto-Bold.ttf in Resources */,
				CDE043052962D228003E31E5 /* Roboto-BlackItalic.ttf in Resources */,
				CDE043042962D228003E31E5 /* Roboto-Light.ttf in Resources */,
				2B580F98290A7AA5008A2D92 /* Assets.xcassets in Resources */,
				2B80A68B296421B300DD3D9F /* Resources.xcassets in Resources */,
				CDE0430E2962D228003E31E5 /* Roboto-BoldItalic.ttf in Resources */,
				CDE043092962D228003E31E5 /* Roboto-Thin.ttf in Resources */,
			);
			runOnlyForDeploymentPostprocessing = 0;
		};
/* End PBXResourcesBuildPhase section */

/* Begin PBXSourcesBuildPhase section */
		2B580F8C290A7AA2008A2D92 /* Sources */ = {
			isa = PBXSourcesBuildPhase;
			buildActionMask = 2147483647;
			files = (
				2BB7EE852963480600DDB7F2 /* Wireframe.swift in Sources */,
				2BB7EE752963480200DDB7F2 /* ViewController+SessionInfo.swift in Sources */,
				2BB7EE6D296347FA00DDB7F2 /* ARCameraTrackingState.swift in Sources */,
				CDE043112962D8EA003E31E5 /* ShoeListView.swift in Sources */,
				2BB7EE7C2963480600DDB7F2 /* DetectedPointCloud.swift in Sources */,
				2BB7EE802963480600DDB7F2 /* ScannedPointCloud.swift in Sources */,
				2BB7EE822963480600DDB7F2 /* BoundingBox.swift in Sources */,
				2BB7EE70296347FE00DDB7F2 /* ThresholdPinchGestureRecognizer.swift in Sources */,
				CDE042EA295F166F003E31E5 /* FilterScreen.swift in Sources */,
				2BB7EE712963480200DDB7F2 /* ViewController+NavigationBar.swift in Sources */,
				2BB7EE832963480600DDB7F2 /* Snapping.swift in Sources */,
				2BB7EE772963480200DDB7F2 /* Scan.swift in Sources */,
				2BB7EE6A296347F300DDB7F2 /* FlashlightButton.swift in Sources */,
				2BB7EE7F2963480600DDB7F2 /* DetectedBoundingBox.swift in Sources */,
				2BB7EE782963480200DDB7F2 /* TestRun.swift in Sources */,
				2BB7EE6B296347F300DDB7F2 /* RoundedButton.swift in Sources */,
				CDE042E8295F0DC7003E31E5 /* MainScreen.swift in Sources */,
				2BB7EE7A2963480600DDB7F2 /* Tile.swift in Sources */,
				2BB7EE862963480600DDB7F2 /* DetectedObject.swift in Sources */,
				2BB7EE732963480200DDB7F2 /* AppDelegate.swift in Sources */,
				2BB7EE7E2963480600DDB7F2 /* PointCloud+CreateVisualization.swift in Sources */,
				2BB7EE742963480200DDB7F2 /* ViewController.swift in Sources */,
				2BB7EE6E296347FE00DDB7F2 /* ThresholdPanGestureRecognizer.swift in Sources */,
				2B580F96290A7AA2008A2D92 /* ContentView.swift in Sources */,
				2BB7EE7D2963480600DDB7F2 /* ScannedObject.swift in Sources */,
				2BB7EE6C296347FA00DDB7F2 /* Utilities.swift in Sources */,
				2BB7EE812963480600DDB7F2 /* ObjectOrigin.swift in Sources */,
				2BB7EE69296347F300DDB7F2 /* MessageLabel.swift in Sources */,
				2BB7EE792963480200DDB7F2 /* ViewController+ApplicationState.swift in Sources */,
				2BB7EE722963480200DDB7F2 /* ShareScanViewController.swift in Sources */,
				2BB7EE7B2963480600DDB7F2 /* BoundingBoxSide.swift in Sources */,
				2B580F94290A7AA2008A2D92 /* ObjectTrackingDemoApp.swift in Sources */,
				2BB7EE842963480600DDB7F2 /* ObjectOriginAxis.swift in Sources */,
				2BB7EE6F296347FE00DDB7F2 /* ThresholdRotationGestureRecognizer.swift in Sources */,
				2BB7EE762963480200DDB7F2 /* ViewController+Gestures.swift in Sources */,
			);
			runOnlyForDeploymentPostprocessing = 0;
		};
/* End PBXSourcesBuildPhase section */

/* Begin XCBuildConfiguration section */
		2B580F9C290A7AA5008A2D92 /* Debug */ = {
			isa = XCBuildConfiguration;
			buildSettings = {
				ALWAYS_SEARCH_USER_PATHS = NO;
				CLANG_ANALYZER_NONNULL = YES;
				CLANG_ANALYZER_NUMBER_OBJECT_CONVERSION = YES_AGGRESSIVE;
				CLANG_CXX_LANGUAGE_STANDARD = "gnu++20";
				CLANG_ENABLE_MODULES = YES;
				CLANG_ENABLE_OBJC_ARC = YES;
				CLANG_ENABLE_OBJC_WEAK = YES;
				CLANG_WARN_BLOCK_CAPTURE_AUTORELEASING = YES;
				CLANG_WARN_BOOL_CONVERSION = YES;
				CLANG_WARN_COMMA = YES;
				CLANG_WARN_CONSTANT_CONVERSION = YES;
				CLANG_WARN_DEPRECATED_OBJC_IMPLEMENTATIONS = YES;
				CLANG_WARN_DIRECT_OBJC_ISA_USAGE = YES_ERROR;
				CLANG_WARN_DOCUMENTATION_COMMENTS = YES;
				CLANG_WARN_EMPTY_BODY = YES;
				CLANG_WARN_ENUM_CONVERSION = YES;
				CLANG_WARN_INFINITE_RECURSION = YES;
				CLANG_WARN_INT_CONVERSION = YES;
				CLANG_WARN_NON_LITERAL_NULL_CONVERSION = YES;
				CLANG_WARN_OBJC_IMPLICIT_RETAIN_SELF = YES;
				CLANG_WARN_OBJC_LITERAL_CONVERSION = YES;
				CLANG_WARN_OBJC_ROOT_CLASS = YES_ERROR;
				CLANG_WARN_QUOTED_INCLUDE_IN_FRAMEWORK_HEADER = YES;
				CLANG_WARN_RANGE_LOOP_ANALYSIS = YES;
				CLANG_WARN_STRICT_PROTOTYPES = YES;
				CLANG_WARN_SUSPICIOUS_MOVE = YES;
				CLANG_WARN_UNGUARDED_AVAILABILITY = YES_AGGRESSIVE;
				CLANG_WARN_UNREACHABLE_CODE = YES;
				CLANG_WARN__DUPLICATE_METHOD_MATCH = YES;
				COPY_PHASE_STRIP = NO;
				DEBUG_INFORMATION_FORMAT = dwarf;
				ENABLE_STRICT_OBJC_MSGSEND = YES;
				ENABLE_TESTABILITY = YES;
				GCC_C_LANGUAGE_STANDARD = gnu11;
				GCC_DYNAMIC_NO_PIC = NO;
				GCC_NO_COMMON_BLOCKS = YES;
				GCC_OPTIMIZATION_LEVEL = 0;
				GCC_PREPROCESSOR_DEFINITIONS = (
					"DEBUG=1",
					"$(inherited)",
				);
				GCC_WARN_64_TO_32_BIT_CONVERSION = YES;
				GCC_WARN_ABOUT_RETURN_TYPE = YES_ERROR;
				GCC_WARN_UNDECLARED_SELECTOR = YES;
				GCC_WARN_UNINITIALIZED_AUTOS = YES_AGGRESSIVE;
				GCC_WARN_UNUSED_FUNCTION = YES;
				GCC_WARN_UNUSED_VARIABLE = YES;
				IPHONEOS_DEPLOYMENT_TARGET = 16.1;
				MTL_ENABLE_DEBUG_INFO = INCLUDE_SOURCE;
				MTL_FAST_MATH = YES;
				ONLY_ACTIVE_ARCH = YES;
				SDKROOT = iphoneos;
				SWIFT_ACTIVE_COMPILATION_CONDITIONS = DEBUG;
				SWIFT_OPTIMIZATION_LEVEL = "-Onone";
			};
			name = Debug;
		};
		2B580F9D290A7AA5008A2D92 /* Release */ = {
			isa = XCBuildConfiguration;
			buildSettings = {
				ALWAYS_SEARCH_USER_PATHS = NO;
				CLANG_ANALYZER_NONNULL = YES;
				CLANG_ANALYZER_NUMBER_OBJECT_CONVERSION = YES_AGGRESSIVE;
				CLANG_CXX_LANGUAGE_STANDARD = "gnu++20";
				CLANG_ENABLE_MODULES = YES;
				CLANG_ENABLE_OBJC_ARC = YES;
				CLANG_ENABLE_OBJC_WEAK = YES;
				CLANG_WARN_BLOCK_CAPTURE_AUTORELEASING = YES;
				CLANG_WARN_BOOL_CONVERSION = YES;
				CLANG_WARN_COMMA = YES;
				CLANG_WARN_CONSTANT_CONVERSION = YES;
				CLANG_WARN_DEPRECATED_OBJC_IMPLEMENTATIONS = YES;
				CLANG_WARN_DIRECT_OBJC_ISA_USAGE = YES_ERROR;
				CLANG_WARN_DOCUMENTATION_COMMENTS = YES;
				CLANG_WARN_EMPTY_BODY = YES;
				CLANG_WARN_ENUM_CONVERSION = YES;
				CLANG_WARN_INFINITE_RECURSION = YES;
				CLANG_WARN_INT_CONVERSION = YES;
				CLANG_WARN_NON_LITERAL_NULL_CONVERSION = YES;
				CLANG_WARN_OBJC_IMPLICIT_RETAIN_SELF = YES;
				CLANG_WARN_OBJC_LITERAL_CONVERSION = YES;
				CLANG_WARN_OBJC_ROOT_CLASS = YES_ERROR;
				CLANG_WARN_QUOTED_INCLUDE_IN_FRAMEWORK_HEADER = YES;
				CLANG_WARN_RANGE_LOOP_ANALYSIS = YES;
				CLANG_WARN_STRICT_PROTOTYPES = YES;
				CLANG_WARN_SUSPICIOUS_MOVE = YES;
				CLANG_WARN_UNGUARDED_AVAILABILITY = YES_AGGRESSIVE;
				CLANG_WARN_UNREACHABLE_CODE = YES;
				CLANG_WARN__DUPLICATE_METHOD_MATCH = YES;
				COPY_PHASE_STRIP = NO;
				DEBUG_INFORMATION_FORMAT = "dwarf-with-dsym";
				ENABLE_NS_ASSERTIONS = NO;
				ENABLE_STRICT_OBJC_MSGSEND = YES;
				GCC_C_LANGUAGE_STANDARD = gnu11;
				GCC_NO_COMMON_BLOCKS = YES;
				GCC_WARN_64_TO_32_BIT_CONVERSION = YES;
				GCC_WARN_ABOUT_RETURN_TYPE = YES_ERROR;
				GCC_WARN_UNDECLARED_SELECTOR = YES;
				GCC_WARN_UNINITIALIZED_AUTOS = YES_AGGRESSIVE;
				GCC_WARN_UNUSED_FUNCTION = YES;
				GCC_WARN_UNUSED_VARIABLE = YES;
				IPHONEOS_DEPLOYMENT_TARGET = 16.1;
				MTL_ENABLE_DEBUG_INFO = NO;
				MTL_FAST_MATH = YES;
				SDKROOT = iphoneos;
				SWIFT_COMPILATION_MODE = wholemodule;
				SWIFT_OPTIMIZATION_LEVEL = "-O";
				VALIDATE_PRODUCT = YES;
			};
			name = Release;
		};
		2B580F9F290A7AA5008A2D92 /* Debug */ = {
			isa = XCBuildConfiguration;
			buildSettings = {
				ASSETCATALOG_COMPILER_APPICON_NAME = AppIcon;
				ASSETCATALOG_COMPILER_GLOBAL_ACCENT_COLOR_NAME = AccentColor;
				CODE_SIGN_STYLE = Automatic;
				CURRENT_PROJECT_VERSION = 1;
				DEVELOPMENT_ASSET_PATHS = "\"ObjectTrackingDemo/Preview Content\"";
				DEVELOPMENT_TEAM = 7YP67DVLV3;
				ENABLE_PREVIEWS = YES;
				GENERATE_INFOPLIST_FILE = YES;
				INFOPLIST_FILE = ObjectTrackingDemo/Info.plist;
				INFOPLIST_KEY_NSCameraUsageDescription = "This application will use the camera for Augmented Reality.";
				INFOPLIST_KEY_UIApplicationSupportsIndirectInputEvents = YES;
				INFOPLIST_KEY_UILaunchScreen_Generation = YES;
				INFOPLIST_KEY_UILaunchStoryboardName = "Launch Screen.storyboard";
				INFOPLIST_KEY_UISupportedInterfaceOrientations_iPad = "UIInterfaceOrientationPortrait UIInterfaceOrientationPortraitUpsideDown UIInterfaceOrientationLandscapeLeft UIInterfaceOrientationLandscapeRight";
				INFOPLIST_KEY_UISupportedInterfaceOrientations_iPhone = "UIInterfaceOrientationPortrait UIInterfaceOrientationLandscapeLeft UIInterfaceOrientationLandscapeRight";
				LD_RUNPATH_SEARCH_PATHS = (
					"$(inherited)",
					"@executable_path/Frameworks",
				);
				MARKETING_VERSION = 1.0;
				PRODUCT_BUNDLE_IDENTIFIER = com.uvolchyk.rickeriments.ObjectTrackingDemo;
				PRODUCT_NAME = "$(TARGET_NAME)";
				SWIFT_EMIT_LOC_STRINGS = YES;
				SWIFT_VERSION = 5.0;
				TARGETED_DEVICE_FAMILY = "1,2";
			};
			name = Debug;
		};
		2B580FA0290A7AA5008A2D92 /* Release */ = {
			isa = XCBuildConfiguration;
			buildSettings = {
				ASSETCATALOG_COMPILER_APPICON_NAME = AppIcon;
				ASSETCATALOG_COMPILER_GLOBAL_ACCENT_COLOR_NAME = AccentColor;
				CODE_SIGN_STYLE = Automatic;
				CURRENT_PROJECT_VERSION = 1;
				DEVELOPMENT_ASSET_PATHS = "\"ObjectTrackingDemo/Preview Content\"";
				DEVELOPMENT_TEAM = 7YP67DVLV3;
				ENABLE_PREVIEWS = YES;
				GENERATE_INFOPLIST_FILE = YES;
				INFOPLIST_FILE = ObjectTrackingDemo/Info.plist;
				INFOPLIST_KEY_NSCameraUsageDescription = "This application will use the camera for Augmented Reality.";
				INFOPLIST_KEY_UIApplicationSupportsIndirectInputEvents = YES;
				INFOPLIST_KEY_UILaunchScreen_Generation = YES;
				INFOPLIST_KEY_UILaunchStoryboardName = "Launch Screen.storyboard";
				INFOPLIST_KEY_UISupportedInterfaceOrientations_iPad = "UIInterfaceOrientationPortrait UIInterfaceOrientationPortraitUpsideDown UIInterfaceOrientationLandscapeLeft UIInterfaceOrientationLandscapeRight";
				INFOPLIST_KEY_UISupportedInterfaceOrientations_iPhone = "UIInterfaceOrientationPortrait UIInterfaceOrientationLandscapeLeft UIInterfaceOrientationLandscapeRight";
				LD_RUNPATH_SEARCH_PATHS = (
					"$(inherited)",
					"@executable_path/Frameworks",
				);
				MARKETING_VERSION = 1.0;
				PRODUCT_BUNDLE_IDENTIFIER = com.uvolchyk.rickeriments.ObjectTrackingDemo;
				PRODUCT_NAME = "$(TARGET_NAME)";
				SWIFT_EMIT_LOC_STRINGS = YES;
				SWIFT_VERSION = 5.0;
				TARGETED_DEVICE_FAMILY = "1,2";
			};
			name = Release;
		};
/* End XCBuildConfiguration section */

/* Begin XCConfigurationList section */
		2B580F8B290A7AA2008A2D92 /* Build configuration list for PBXProject "ObjectTrackingDemo" */ = {
			isa = XCConfigurationList;
			buildConfigurations = (
				2B580F9C290A7AA5008A2D92 /* Debug */,
				2B580F9D290A7AA5008A2D92 /* Release */,
			);
			defaultConfigurationIsVisible = 0;
			defaultConfigurationName = Release;
		};
		2B580F9E290A7AA5008A2D92 /* Build configuration list for PBXNativeTarget "ObjectTrackingDemo" */ = {
			isa = XCConfigurationList;
			buildConfigurations = (
				2B580F9F290A7AA5008A2D92 /* Debug */,
				2B580FA0290A7AA5008A2D92 /* Release */,
			);
			defaultConfigurationIsVisible = 0;
			defaultConfigurationName = Release;
		};
/* End XCConfigurationList section */
	};
	rootObject = 2B580F88290A7AA2008A2D92 /* Project object */;
}
