// !$*UTF8*$!
{
	archiveVersion = 1;
	classes = {
	};
	objectVersion = 56;
	objects = {

/* Begin PBXBuildFile section */
		2B580F94290A7AA2008A2D92 /* ObjectTrackingDemoApp.swift in Sources */ = {isa = PBXBuildFile; fileRef = 2B580F93290A7AA2008A2D92 /* ObjectTrackingDemoApp.swift */; };
		2B580F96290A7AA2008A2D92 /* ContentView.swift in Sources */ = {isa = PBXBuildFile; fileRef = 2B580F95290A7AA2008A2D92 /* ContentView.swift */; };
		2B580F98290A7AA5008A2D92 /* Assets.xcassets in Resources */ = {isa = PBXBuildFile; fileRef = 2B580F97290A7AA5008A2D92 /* Assets.xcassets */; };
		2B580F9B290A7AA5008A2D92 /* Preview Assets.xcassets in Resources */ = {isa = PBXBuildFile; fileRef = 2B580F9A290A7AA5008A2D92 /* Preview Assets.xcassets */; };
		CD2CBE4C296341A90044E06C /* ScanIntroductionView.swift in Sources */ = {isa = PBXBuildFile; fileRef = CD2CBE4B296341A90044E06C /* ScanIntroductionView.swift */; };
		CD2CBE4E29641A910044E06C /* CustomPopup.swift in Sources */ = {isa = PBXBuildFile; fileRef = CD2CBE4D29641A910044E06C /* CustomPopup.swift */; };
		CD2CBE50296434BD0044E06C /* CameraSheetView.swift in Sources */ = {isa = PBXBuildFile; fileRef = CD2CBE4F296434BD0044E06C /* CameraSheetView.swift */; };
		CD2CBE52296436B50044E06C /* BewertungenLabel.swift in Sources */ = {isa = PBXBuildFile; fileRef = CD2CBE51296436B50044E06C /* BewertungenLabel.swift */; };
		CD2CBE812964746D0044E06C /* ViewController.swift in Sources */ = {isa = PBXBuildFile; fileRef = CD2CBE592964733E0044E06C /* ViewController.swift */; };
		CD2CBE822964746D0044E06C /* ViewController+NavigationBar.swift in Sources */ = {isa = PBXBuildFile; fileRef = CD2CBE5A2964733E0044E06C /* ViewController+NavigationBar.swift */; };
		CD2CBE832964746D0044E06C /* ViewController+SessionInfo.swift in Sources */ = {isa = PBXBuildFile; fileRef = CD2CBE5B2964733E0044E06C /* ViewController+SessionInfo.swift */; };
		CD2CBE842964746D0044E06C /* ShareScanViewController.swift in Sources */ = {isa = PBXBuildFile; fileRef = CD2CBE5C2964733E0044E06C /* ShareScanViewController.swift */; };
		CD2CBE852964746D0044E06C /* ViewController+Gestures.swift in Sources */ = {isa = PBXBuildFile; fileRef = CD2CBE5E2964733E0044E06C /* ViewController+Gestures.swift */; };
		CD2CBE862964746D0044E06C /* ViewController+ApplicationState.swift in Sources */ = {isa = PBXBuildFile; fileRef = CD2CBE602964733E0044E06C /* ViewController+ApplicationState.swift */; };
		CD2CBE87296474970044E06C /* ScannedPointCloud.swift in Sources */ = {isa = PBXBuildFile; fileRef = CD2CBE6A2964733E0044E06C /* ScannedPointCloud.swift */; };
		CD2CBE88296474970044E06C /* ScannedObject.swift in Sources */ = {isa = PBXBuildFile; fileRef = CD2CBE6B2964733E0044E06C /* ScannedObject.swift */; };
		CD2CBE89296474970044E06C /* Wireframe.swift in Sources */ = {isa = PBXBuildFile; fileRef = CD2CBE6C2964733E0044E06C /* Wireframe.swift */; };
		CD2CBE8A296474970044E06C /* BoundingBox.swift in Sources */ = {isa = PBXBuildFile; fileRef = CD2CBE6D2964733E0044E06C /* BoundingBox.swift */; };
		CD2CBE8B296474970044E06C /* BoundingBoxSide.swift in Sources */ = {isa = PBXBuildFile; fileRef = CD2CBE6E2964733E0044E06C /* BoundingBoxSide.swift */; };
		CD2CBE8C296474970044E06C /* DetectedObject.swift in Sources */ = {isa = PBXBuildFile; fileRef = CD2CBE6F2964733E0044E06C /* DetectedObject.swift */; };
		CD2CBE8D296474970044E06C /* Snapping.swift in Sources */ = {isa = PBXBuildFile; fileRef = CD2CBE702964733E0044E06C /* Snapping.swift */; };
		CD2CBE8E296474970044E06C /* DetectedPointCloud.swift in Sources */ = {isa = PBXBuildFile; fileRef = CD2CBE712964733E0044E06C /* DetectedPointCloud.swift */; };
		CD2CBE8F296474970044E06C /* ObjectOriginAxis.swift in Sources */ = {isa = PBXBuildFile; fileRef = CD2CBE722964733E0044E06C /* ObjectOriginAxis.swift */; };
		CD2CBE90296474970044E06C /* PointCloud+CreateVisualization.swift in Sources */ = {isa = PBXBuildFile; fileRef = CD2CBE732964733E0044E06C /* PointCloud+CreateVisualization.swift */; };
		CD2CBE91296474970044E06C /* DetectedBoundingBox.swift in Sources */ = {isa = PBXBuildFile; fileRef = CD2CBE742964733E0044E06C /* DetectedBoundingBox.swift */; };
		CD2CBE92296474970044E06C /* Tile.swift in Sources */ = {isa = PBXBuildFile; fileRef = CD2CBE752964733E0044E06C /* Tile.swift */; };
		CD2CBE93296474970044E06C /* ObjectOrigin.swift in Sources */ = {isa = PBXBuildFile; fileRef = CD2CBE762964733E0044E06C /* ObjectOrigin.swift */; };
		CD2CBE94296474BD0044E06C /* TestRun.swift in Sources */ = {isa = PBXBuildFile; fileRef = CD2CBE582964733E0044E06C /* TestRun.swift */; };
		CD2CBE95296474BD0044E06C /* MessageLabel.swift in Sources */ = {isa = PBXBuildFile; fileRef = CD2CBE792964733F0044E06C /* MessageLabel.swift */; };
		CD2CBE96296474BD0044E06C /* FlashlightButton.swift in Sources */ = {isa = PBXBuildFile; fileRef = CD2CBE7A2964733F0044E06C /* FlashlightButton.swift */; };
		CD2CBE97296474BD0044E06C /* RoundedButton.swift in Sources */ = {isa = PBXBuildFile; fileRef = CD2CBE7B2964733F0044E06C /* RoundedButton.swift */; };
		CD2CBEA0296474EA0044E06C /* Scan.swift in Sources */ = {isa = PBXBuildFile; fileRef = CD2CBE5F2964733E0044E06C /* Scan.swift */; };
		CD2CBEA1296474EA0044E06C /* ThresholdRotationGestureRecognizer.swift in Sources */ = {isa = PBXBuildFile; fileRef = CD2CBE542964733E0044E06C /* ThresholdRotationGestureRecognizer.swift */; };
		CD2CBEA2296474EA0044E06C /* ThresholdPinchGestureRecognizer.swift in Sources */ = {isa = PBXBuildFile; fileRef = CD2CBE552964733E0044E06C /* ThresholdPinchGestureRecognizer.swift */; };
		CD2CBEA3296474EA0044E06C /* ThresholdPanGestureRecognizer.swift in Sources */ = {isa = PBXBuildFile; fileRef = CD2CBE562964733E0044E06C /* ThresholdPanGestureRecognizer.swift */; };
		CD2CBEA4296474EA0044E06C /* Launch Screen.storyboard in Sources */ = {isa = PBXBuildFile; fileRef = CD2CBE772964733F0044E06C /* Launch Screen.storyboard */; };
		CD2CBEA7296474EA0044E06C /* ARCameraTrackingState.swift in Sources */ = {isa = PBXBuildFile; fileRef = CD2CBE7E2964733F0044E06C /* ARCameraTrackingState.swift */; };
		CD2CBEA8296475CA0044E06C /* Utilities.swift in Sources */ = {isa = PBXBuildFile; fileRef = CD2CBE7D2964733F0044E06C /* Utilities.swift */; };
		CDB0357D2967413F0034E260 /* GreenAJ.scn in Resources */ = {isa = PBXBuildFile; fileRef = CDB0357B2967413F0034E260 /* GreenAJ.scn */; };
		CDB0357E2967413F0034E260 /* PurpleAJ.scn in Resources */ = {isa = PBXBuildFile; fileRef = CDB0357C2967413F0034E260 /* PurpleAJ.scn */; };
		CDB035802967415A0034E260 /* RedAJ.scn in Resources */ = {isa = PBXBuildFile; fileRef = CDB0357F2967415A0034E260 /* RedAJ.scn */; };
		CDB03582296BE1720034E260 /* FilterButton.swift in Sources */ = {isa = PBXBuildFile; fileRef = CDB03581296BE1720034E260 /* FilterButton.swift */; };
		CDE042E8295F0DC7003E31E5 /* MainScreen.swift in Sources */ = {isa = PBXBuildFile; fileRef = CDE042E7295F0DC7003E31E5 /* MainScreen.swift */; };
		CDE042EA295F166F003E31E5 /* FilterScreen.swift in Sources */ = {isa = PBXBuildFile; fileRef = CDE042E9295F166F003E31E5 /* FilterScreen.swift */; };
		CDE043042962D228003E31E5 /* Roboto-Light.ttf in Resources */ = {isa = PBXBuildFile; fileRef = CDE042F82962D227003E31E5 /* Roboto-Light.ttf */; };
		CDE043052962D228003E31E5 /* Roboto-BlackItalic.ttf in Resources */ = {isa = PBXBuildFile; fileRef = CDE042F92962D227003E31E5 /* Roboto-BlackItalic.ttf */; };
		CDE043062962D228003E31E5 /* Roboto-Bold.ttf in Resources */ = {isa = PBXBuildFile; fileRef = CDE042FA2962D227003E31E5 /* Roboto-Bold.ttf */; };
		CDE043072962D228003E31E5 /* Roboto-LightItalic.ttf in Resources */ = {isa = PBXBuildFile; fileRef = CDE042FB2962D227003E31E5 /* Roboto-LightItalic.ttf */; };
		CDE043082962D228003E31E5 /* Roboto-Medium.ttf in Resources */ = {isa = PBXBuildFile; fileRef = CDE042FC2962D227003E31E5 /* Roboto-Medium.ttf */; };
		CDE043092962D228003E31E5 /* Roboto-Thin.ttf in Resources */ = {isa = PBXBuildFile; fileRef = CDE042FD2962D227003E31E5 /* Roboto-Thin.ttf */; };
		CDE0430A2962D228003E31E5 /* Roboto-Regular.ttf in Resources */ = {isa = PBXBuildFile; fileRef = CDE042FE2962D228003E31E5 /* Roboto-Regular.ttf */; };
		CDE0430B2962D228003E31E5 /* Roboto-Black.ttf in Resources */ = {isa = PBXBuildFile; fileRef = CDE042FF2962D228003E31E5 /* Roboto-Black.ttf */; };
		CDE0430C2962D228003E31E5 /* Roboto-ThinItalic.ttf in Resources */ = {isa = PBXBuildFile; fileRef = CDE043002962D228003E31E5 /* Roboto-ThinItalic.ttf */; };
		CDE0430D2962D228003E31E5 /* Roboto-MediumItalic.ttf in Resources */ = {isa = PBXBuildFile; fileRef = CDE043012962D228003E31E5 /* Roboto-MediumItalic.ttf */; };
		CDE0430E2962D228003E31E5 /* Roboto-BoldItalic.ttf in Resources */ = {isa = PBXBuildFile; fileRef = CDE043022962D228003E31E5 /* Roboto-BoldItalic.ttf */; };
		CDE0430F2962D228003E31E5 /* Roboto-Italic.ttf in Resources */ = {isa = PBXBuildFile; fileRef = CDE043032962D228003E31E5 /* Roboto-Italic.ttf */; };
		CDE043112962D8EA003E31E5 /* ShoeListView.swift in Sources */ = {isa = PBXBuildFile; fileRef = CDE043102962D8EA003E31E5 /* ShoeListView.swift */; };
		CDE043152962E372003E31E5 /* ShoeModel.swift in Sources */ = {isa = PBXBuildFile; fileRef = CDE043142962E372003E31E5 /* ShoeModel.swift */; };
		CDE0431729631429003E31E5 /* SwipeItemButton.swift in Sources */ = {isa = PBXBuildFile; fileRef = CDE0431629631429003E31E5 /* SwipeItemButton.swift */; };
		CDE0431929631925003E31E5 /* SwipeItem.swift in Sources */ = {isa = PBXBuildFile; fileRef = CDE0431829631925003E31E5 /* SwipeItem.swift */; };
		CDE0431B29631997003E31E5 /* DetailShoeView.swift in Sources */ = {isa = PBXBuildFile; fileRef = CDE0431A29631997003E31E5 /* DetailShoeView.swift */; };
		CDE0431D29633505003E31E5 /* SwipeItemsView.swift in Sources */ = {isa = PBXBuildFile; fileRef = CDE0431C29633505003E31E5 /* SwipeItemsView.swift */; };
/* End PBXBuildFile section */

/* Begin PBXFileReference section */
		2B580F90290A7AA2008A2D92 /* ObjectTrackingDemo.app */ = {isa = PBXFileReference; explicitFileType = wrapper.application; includeInIndex = 0; path = ObjectTrackingDemo.app; sourceTree = BUILT_PRODUCTS_DIR; };
		2B580F93290A7AA2008A2D92 /* ObjectTrackingDemoApp.swift */ = {isa = PBXFileReference; lastKnownFileType = sourcecode.swift; path = ObjectTrackingDemoApp.swift; sourceTree = "<group>"; };
		2B580F95290A7AA2008A2D92 /* ContentView.swift */ = {isa = PBXFileReference; lastKnownFileType = sourcecode.swift; path = ContentView.swift; sourceTree = "<group>"; };
		2B580F97290A7AA5008A2D92 /* Assets.xcassets */ = {isa = PBXFileReference; lastKnownFileType = folder.assetcatalog; path = Assets.xcassets; sourceTree = "<group>"; };
		2B580F9A290A7AA5008A2D92 /* Preview Assets.xcassets */ = {isa = PBXFileReference; lastKnownFileType = folder.assetcatalog; path = "Preview Assets.xcassets"; sourceTree = "<group>"; };
		2BFB92F3290BF6A800E1F0A0 /* Info.plist */ = {isa = PBXFileReference; lastKnownFileType = text.plist; path = Info.plist; sourceTree = "<group>"; };
		CD2CBE4B296341A90044E06C /* ScanIntroductionView.swift */ = {isa = PBXFileReference; lastKnownFileType = sourcecode.swift; path = ScanIntroductionView.swift; sourceTree = "<group>"; };
		CD2CBE4D29641A910044E06C /* CustomPopup.swift */ = {isa = PBXFileReference; lastKnownFileType = sourcecode.swift; path = CustomPopup.swift; sourceTree = "<group>"; };
		CD2CBE4F296434BD0044E06C /* CameraSheetView.swift */ = {isa = PBXFileReference; lastKnownFileType = sourcecode.swift; name = CameraSheetView.swift; path = ../../CameraSheetView.swift; sourceTree = "<group>"; };
		CD2CBE51296436B50044E06C /* BewertungenLabel.swift */ = {isa = PBXFileReference; lastKnownFileType = sourcecode.swift; path = BewertungenLabel.swift; sourceTree = "<group>"; };
		CD2CBE542964733E0044E06C /* ThresholdRotationGestureRecognizer.swift */ = {isa = PBXFileReference; lastKnownFileType = sourcecode.swift; path = ThresholdRotationGestureRecognizer.swift; sourceTree = "<group>"; };
		CD2CBE552964733E0044E06C /* ThresholdPinchGestureRecognizer.swift */ = {isa = PBXFileReference; lastKnownFileType = sourcecode.swift; path = ThresholdPinchGestureRecognizer.swift; sourceTree = "<group>"; };
		CD2CBE562964733E0044E06C /* ThresholdPanGestureRecognizer.swift */ = {isa = PBXFileReference; lastKnownFileType = sourcecode.swift; path = ThresholdPanGestureRecognizer.swift; sourceTree = "<group>"; };
		CD2CBE582964733E0044E06C /* TestRun.swift */ = {isa = PBXFileReference; lastKnownFileType = sourcecode.swift; path = TestRun.swift; sourceTree = "<group>"; };
		CD2CBE592964733E0044E06C /* ViewController.swift */ = {isa = PBXFileReference; lastKnownFileType = sourcecode.swift; name = ViewController.swift; path = ObjectTrackingDemo/Controllers/ViewController.swift; sourceTree = SOURCE_ROOT; };
		CD2CBE5A2964733E0044E06C /* ViewController+NavigationBar.swift */ = {isa = PBXFileReference; lastKnownFileType = sourcecode.swift; path = "ViewController+NavigationBar.swift"; sourceTree = "<group>"; };
		CD2CBE5B2964733E0044E06C /* ViewController+SessionInfo.swift */ = {isa = PBXFileReference; lastKnownFileType = sourcecode.swift; path = "ViewController+SessionInfo.swift"; sourceTree = "<group>"; };
		CD2CBE5C2964733E0044E06C /* ShareScanViewController.swift */ = {isa = PBXFileReference; lastKnownFileType = sourcecode.swift; path = ShareScanViewController.swift; sourceTree = "<group>"; };
		CD2CBE5D2964733E0044E06C /* AppDelegate.swift */ = {isa = PBXFileReference; lastKnownFileType = sourcecode.swift; path = AppDelegate.swift; sourceTree = "<group>"; };
		CD2CBE5E2964733E0044E06C /* ViewController+Gestures.swift */ = {isa = PBXFileReference; lastKnownFileType = sourcecode.swift; path = "ViewController+Gestures.swift"; sourceTree = "<group>"; };
		CD2CBE5F2964733E0044E06C /* Scan.swift */ = {isa = PBXFileReference; lastKnownFileType = sourcecode.swift; path = Scan.swift; sourceTree = "<group>"; };
		CD2CBE602964733E0044E06C /* ViewController+ApplicationState.swift */ = {isa = PBXFileReference; lastKnownFileType = sourcecode.swift; path = "ViewController+ApplicationState.swift"; sourceTree = "<group>"; };
		CD2CBE612964733E0044E06C /* Assets.xcassets */ = {isa = PBXFileReference; lastKnownFileType = folder.assetcatalog; name = Assets.xcassets; path = ObjectTrackingDemo/Assets.xcassets; sourceTree = "<group>"; };
		CD2CBE632964733E0044E06C /* Nike_East_K_75_Low_Poly_FreebieRight.usdz */ = {isa = PBXFileReference; lastKnownFileType = file.usdz; path = Nike_East_K_75_Low_Poly_FreebieRight.usdz; sourceTree = "<group>"; };
		CD2CBE642964733E0044E06C /* Nike_East_K_75_Low_Poly_FreebieLeft.usdz */ = {isa = PBXFileReference; lastKnownFileType = file.usdz; path = Nike_East_K_75_Low_Poly_FreebieLeft.usdz; sourceTree = "<group>"; };
		CD2CBE652964733E0044E06C /* Brown_SneakersRight.usdz */ = {isa = PBXFileReference; lastKnownFileType = file.usdz; path = Brown_SneakersRight.usdz; sourceTree = "<group>"; };
		CD2CBE662964733E0044E06C /* Brown_SneakersLeft.usdz */ = {isa = PBXFileReference; lastKnownFileType = file.usdz; path = Brown_SneakersLeft.usdz; sourceTree = "<group>"; };
		CD2CBE672964733E0044E06C /* singleLeft.scn */ = {isa = PBXFileReference; lastKnownFileType = file.bplist; path = singleLeft.scn; sourceTree = "<group>"; };
		CD2CBE682964733E0044E06C /* singleRight.scn */ = {isa = PBXFileReference; lastKnownFileType = file.bplist; path = singleRight.scn; sourceTree = "<group>"; };
		CD2CBE6A2964733E0044E06C /* ScannedPointCloud.swift */ = {isa = PBXFileReference; lastKnownFileType = sourcecode.swift; path = ScannedPointCloud.swift; sourceTree = "<group>"; };
		CD2CBE6B2964733E0044E06C /* ScannedObject.swift */ = {isa = PBXFileReference; lastKnownFileType = sourcecode.swift; path = ScannedObject.swift; sourceTree = "<group>"; };
		CD2CBE6C2964733E0044E06C /* Wireframe.swift */ = {isa = PBXFileReference; lastKnownFileType = sourcecode.swift; path = Wireframe.swift; sourceTree = "<group>"; };
		CD2CBE6D2964733E0044E06C /* BoundingBox.swift */ = {isa = PBXFileReference; lastKnownFileType = sourcecode.swift; path = BoundingBox.swift; sourceTree = "<group>"; };
		CD2CBE6E2964733E0044E06C /* BoundingBoxSide.swift */ = {isa = PBXFileReference; lastKnownFileType = sourcecode.swift; path = BoundingBoxSide.swift; sourceTree = "<group>"; };
		CD2CBE6F2964733E0044E06C /* DetectedObject.swift */ = {isa = PBXFileReference; lastKnownFileType = sourcecode.swift; path = DetectedObject.swift; sourceTree = "<group>"; };
		CD2CBE702964733E0044E06C /* Snapping.swift */ = {isa = PBXFileReference; lastKnownFileType = sourcecode.swift; path = Snapping.swift; sourceTree = "<group>"; };
		CD2CBE712964733E0044E06C /* DetectedPointCloud.swift */ = {isa = PBXFileReference; lastKnownFileType = sourcecode.swift; path = DetectedPointCloud.swift; sourceTree = "<group>"; };
		CD2CBE722964733E0044E06C /* ObjectOriginAxis.swift */ = {isa = PBXFileReference; lastKnownFileType = sourcecode.swift; path = ObjectOriginAxis.swift; sourceTree = "<group>"; };
		CD2CBE732964733E0044E06C /* PointCloud+CreateVisualization.swift */ = {isa = PBXFileReference; lastKnownFileType = sourcecode.swift; path = "PointCloud+CreateVisualization.swift"; sourceTree = "<group>"; };
		CD2CBE742964733E0044E06C /* DetectedBoundingBox.swift */ = {isa = PBXFileReference; lastKnownFileType = sourcecode.swift; path = DetectedBoundingBox.swift; sourceTree = "<group>"; };
		CD2CBE752964733E0044E06C /* Tile.swift */ = {isa = PBXFileReference; lastKnownFileType = sourcecode.swift; path = Tile.swift; sourceTree = "<group>"; };
		CD2CBE762964733E0044E06C /* ObjectOrigin.swift */ = {isa = PBXFileReference; lastKnownFileType = sourcecode.swift; path = ObjectOrigin.swift; sourceTree = "<group>"; };
		CD2CBE772964733F0044E06C /* Launch Screen.storyboard */ = {isa = PBXFileReference; lastKnownFileType = file.storyboard; name = "Launch Screen.storyboard"; path = "ObjectTrackingDemo/Launch Screen.storyboard"; sourceTree = "<group>"; };
		CD2CBE792964733F0044E06C /* MessageLabel.swift */ = {isa = PBXFileReference; lastKnownFileType = sourcecode.swift; path = MessageLabel.swift; sourceTree = "<group>"; };
		CD2CBE7A2964733F0044E06C /* FlashlightButton.swift */ = {isa = PBXFileReference; lastKnownFileType = sourcecode.swift; path = FlashlightButton.swift; sourceTree = "<group>"; };
		CD2CBE7B2964733F0044E06C /* RoundedButton.swift */ = {isa = PBXFileReference; lastKnownFileType = sourcecode.swift; path = RoundedButton.swift; sourceTree = "<group>"; };
		CD2CBE7D2964733F0044E06C /* Utilities.swift */ = {isa = PBXFileReference; lastKnownFileType = sourcecode.swift; path = Utilities.swift; sourceTree = "<group>"; };
		CD2CBE7E2964733F0044E06C /* ARCameraTrackingState.swift */ = {isa = PBXFileReference; lastKnownFileType = sourcecode.swift; path = ARCameraTrackingState.swift; sourceTree = "<group>"; };
		CD2CBE7F2964733F0044E06C /* art.scnassets */ = {isa = PBXFileReference; lastKnownFileType = wrapper.scnassets; name = art.scnassets; path = ObjectTrackingDemo/art.scnassets; sourceTree = "<group>"; };
		CDB0357B2967413F0034E260 /* GreenAJ.scn */ = {isa = PBXFileReference; lastKnownFileType = file.bplist; path = GreenAJ.scn; sourceTree = "<group>"; };
		CDB0357C2967413F0034E260 /* PurpleAJ.scn */ = {isa = PBXFileReference; lastKnownFileType = file.bplist; path = PurpleAJ.scn; sourceTree = "<group>"; };
		CDB0357F2967415A0034E260 /* RedAJ.scn */ = {isa = PBXFileReference; lastKnownFileType = file.bplist; path = RedAJ.scn; sourceTree = "<group>"; };
		CDB03581296BE1720034E260 /* FilterButton.swift */ = {isa = PBXFileReference; lastKnownFileType = sourcecode.swift; path = FilterButton.swift; sourceTree = "<group>"; };
		CDE042E5295F0B21003E31E5 /* Launch Screen.storyboard */ = {isa = PBXFileReference; lastKnownFileType = file.storyboard; path = "Launch Screen.storyboard"; sourceTree = "<group>"; };
		CDE042E7295F0DC7003E31E5 /* MainScreen.swift */ = {isa = PBXFileReference; lastKnownFileType = sourcecode.swift; path = MainScreen.swift; sourceTree = "<group>"; };
		CDE042E9295F166F003E31E5 /* FilterScreen.swift */ = {isa = PBXFileReference; lastKnownFileType = sourcecode.swift; path = FilterScreen.swift; sourceTree = "<group>"; };
		CDE042F82962D227003E31E5 /* Roboto-Light.ttf */ = {isa = PBXFileReference; lastKnownFileType = file; path = "Roboto-Light.ttf"; sourceTree = "<group>"; };
		CDE042F92962D227003E31E5 /* Roboto-BlackItalic.ttf */ = {isa = PBXFileReference; lastKnownFileType = file; path = "Roboto-BlackItalic.ttf"; sourceTree = "<group>"; };
		CDE042FA2962D227003E31E5 /* Roboto-Bold.ttf */ = {isa = PBXFileReference; lastKnownFileType = file; path = "Roboto-Bold.ttf"; sourceTree = "<group>"; };
		CDE042FB2962D227003E31E5 /* Roboto-LightItalic.ttf */ = {isa = PBXFileReference; lastKnownFileType = file; path = "Roboto-LightItalic.ttf"; sourceTree = "<group>"; };
		CDE042FC2962D227003E31E5 /* Roboto-Medium.ttf */ = {isa = PBXFileReference; lastKnownFileType = file; path = "Roboto-Medium.ttf"; sourceTree = "<group>"; };
		CDE042FD2962D227003E31E5 /* Roboto-Thin.ttf */ = {isa = PBXFileReference; lastKnownFileType = file; path = "Roboto-Thin.ttf"; sourceTree = "<group>"; };
		CDE042FE2962D228003E31E5 /* Roboto-Regular.ttf */ = {isa = PBXFileReference; lastKnownFileType = file; path = "Roboto-Regular.ttf"; sourceTree = "<group>"; };
		CDE042FF2962D228003E31E5 /* Roboto-Black.ttf */ = {isa = PBXFileReference; lastKnownFileType = file; path = "Roboto-Black.ttf"; sourceTree = "<group>"; };
		CDE043002962D228003E31E5 /* Roboto-ThinItalic.ttf */ = {isa = PBXFileReference; lastKnownFileType = file; path = "Roboto-ThinItalic.ttf"; sourceTree = "<group>"; };
		CDE043012962D228003E31E5 /* Roboto-MediumItalic.ttf */ = {isa = PBXFileReference; lastKnownFileType = file; path = "Roboto-MediumItalic.ttf"; sourceTree = "<group>"; };
		CDE043022962D228003E31E5 /* Roboto-BoldItalic.ttf */ = {isa = PBXFileReference; lastKnownFileType = file; path = "Roboto-BoldItalic.ttf"; sourceTree = "<group>"; };
		CDE043032962D228003E31E5 /* Roboto-Italic.ttf */ = {isa = PBXFileReference; lastKnownFileType = file; path = "Roboto-Italic.ttf"; sourceTree = "<group>"; };
		CDE043102962D8EA003E31E5 /* ShoeListView.swift */ = {isa = PBXFileReference; lastKnownFileType = sourcecode.swift; path = ShoeListView.swift; sourceTree = "<group>"; };
		CDE043142962E372003E31E5 /* ShoeModel.swift */ = {isa = PBXFileReference; lastKnownFileType = sourcecode.swift; path = ShoeModel.swift; sourceTree = "<group>"; };
		CDE0431629631429003E31E5 /* SwipeItemButton.swift */ = {isa = PBXFileReference; lastKnownFileType = sourcecode.swift; path = SwipeItemButton.swift; sourceTree = "<group>"; };
		CDE0431829631925003E31E5 /* SwipeItem.swift */ = {isa = PBXFileReference; lastKnownFileType = sourcecode.swift; path = SwipeItem.swift; sourceTree = "<group>"; };
		CDE0431A29631997003E31E5 /* DetailShoeView.swift */ = {isa = PBXFileReference; lastKnownFileType = sourcecode.swift; path = DetailShoeView.swift; sourceTree = "<group>"; };
		CDE0431C29633505003E31E5 /* SwipeItemsView.swift */ = {isa = PBXFileReference; lastKnownFileType = sourcecode.swift; path = SwipeItemsView.swift; sourceTree = "<group>"; };
/* End PBXFileReference section */

/* Begin PBXFrameworksBuildPhase section */
		2B580F8D290A7AA2008A2D92 /* Frameworks */ = {
			isa = PBXFrameworksBuildPhase;
			buildActionMask = 2147483647;
			files = (
			);
			runOnlyForDeploymentPostprocessing = 0;
		};
/* End PBXFrameworksBuildPhase section */

/* Begin PBXGroup section */
		2B580F87290A7AA2008A2D92 = {
			isa = PBXGroup;
			children = (
				CDB0357B2967413F0034E260 /* GreenAJ.scn */,
				CDB0357C2967413F0034E260 /* PurpleAJ.scn */,
				CD2CBE692964733E0044E06C /* 3D UI and Visualizations  */,
				CD2CBE7F2964733F0044E06C /* art.scnassets */,
				CD2CBE612964733E0044E06C /* Assets.xcassets */,
				CD2CBE622964733E0044E06C /* Boots */,
				CD2CBE572964733E0044E06C /* Controllers */,
				CD2CBE532964733E0044E06C /* Gesture Recognizers */,
				CD2CBE772964733F0044E06C /* Launch Screen.storyboard */,
				CDB0357F2967415A0034E260 /* RedAJ.scn */,
				CD2CBE7C2964733F0044E06C /* Utility Extensions */,
				CD2CBE782964733F0044E06C /* Views */,
				2B580FA1290A7ADC008A2D92 /* Packages */,
				2B580F92290A7AA2008A2D92 /* ObjectTrackingDemo */,
				2B580F91290A7AA2008A2D92 /* Products */,
				2B580FA3290A7DD5008A2D92 /* Frameworks */,
			);
			sourceTree = "<group>";
		};
		2B580F91290A7AA2008A2D92 /* Products */ = {
			isa = PBXGroup;
			children = (
				2B580F90290A7AA2008A2D92 /* ObjectTrackingDemo.app */,
			);
			name = Products;
			sourceTree = "<group>";
		};
		2B580F92290A7AA2008A2D92 /* ObjectTrackingDemo */ = {
			isa = PBXGroup;
			children = (
				CDE043132962E35C003E31E5 /* Model */,
				CDE043122962E264003E31E5 /* CustomViews */,
				CDE042F72962D20C003E31E5 /* Fonts */,
				2BFB92F3290BF6A800E1F0A0 /* Info.plist */,
				2B580F93290A7AA2008A2D92 /* ObjectTrackingDemoApp.swift */,
				2B580F95290A7AA2008A2D92 /* ContentView.swift */,
				2B580F97290A7AA5008A2D92 /* Assets.xcassets */,
				2B580F99290A7AA5008A2D92 /* Preview Content */,
				CDE042E5295F0B21003E31E5 /* Launch Screen.storyboard */,
				CD2CBE4F296434BD0044E06C /* CameraSheetView.swift */,
				CDE042E7295F0DC7003E31E5 /* MainScreen.swift */,
				CDE042E9295F166F003E31E5 /* FilterScreen.swift */,
				CDE0431A29631997003E31E5 /* DetailShoeView.swift */,
				CDE0431C29633505003E31E5 /* SwipeItemsView.swift */,
				CD2CBE4B296341A90044E06C /* ScanIntroductionView.swift */,
				CDB03581296BE1720034E260 /* FilterButton.swift */,
			);
			path = ObjectTrackingDemo;
			sourceTree = "<group>";
		};
		2B580F99290A7AA5008A2D92 /* Preview Content */ = {
			isa = PBXGroup;
			children = (
				2B580F9A290A7AA5008A2D92 /* Preview Assets.xcassets */,
			);
			path = "Preview Content";
			sourceTree = "<group>";
		};
		2B580FA1290A7ADC008A2D92 /* Packages */ = {
			isa = PBXGroup;
			children = (
			);
			name = Packages;
			sourceTree = "<group>";
		};
		2B580FA3290A7DD5008A2D92 /* Frameworks */ = {
			isa = PBXGroup;
			children = (
			);
			name = Frameworks;
			sourceTree = "<group>";
		};
		CD2CBE532964733E0044E06C /* Gesture Recognizers */ = {
			isa = PBXGroup;
			children = (
				CD2CBE542964733E0044E06C /* ThresholdRotationGestureRecognizer.swift */,
				CD2CBE552964733E0044E06C /* ThresholdPinchGestureRecognizer.swift */,
				CD2CBE562964733E0044E06C /* ThresholdPanGestureRecognizer.swift */,
			);
			name = "Gesture Recognizers";
			path = "ObjectTrackingDemo/Gesture Recognizers";
			sourceTree = "<group>";
		};
		CD2CBE572964733E0044E06C /* Controllers */ = {
			isa = PBXGroup;
			children = (
				CD2CBE582964733E0044E06C /* TestRun.swift */,
				CD2CBE592964733E0044E06C /* ViewController.swift */,
				CD2CBE5A2964733E0044E06C /* ViewController+NavigationBar.swift */,
				CD2CBE5B2964733E0044E06C /* ViewController+SessionInfo.swift */,
				CD2CBE5C2964733E0044E06C /* ShareScanViewController.swift */,
				CD2CBE5D2964733E0044E06C /* AppDelegate.swift */,
				CD2CBE5E2964733E0044E06C /* ViewController+Gestures.swift */,
				CD2CBE5F2964733E0044E06C /* Scan.swift */,
				CD2CBE602964733E0044E06C /* ViewController+ApplicationState.swift */,
			);
			name = Controllers;
			path = ObjectTrackingDemo/Controllers;
			sourceTree = "<group>";
		};
		CD2CBE622964733E0044E06C /* Boots */ = {
			isa = PBXGroup;
			children = (
				CD2CBE632964733E0044E06C /* Nike_East_K_75_Low_Poly_FreebieRight.usdz */,
				CD2CBE652964733E0044E06C /* Brown_SneakersRight.usdz */,
				CD2CBE642964733E0044E06C /* Nike_East_K_75_Low_Poly_FreebieLeft.usdz */,
				CD2CBE662964733E0044E06C /* Brown_SneakersLeft.usdz */,
				CD2CBE672964733E0044E06C /* singleLeft.scn */,
				CD2CBE682964733E0044E06C /* singleRight.scn */,
			);
			name = Boots;
			path = ObjectTrackingDemo/Boots;
			sourceTree = "<group>";
		};
		CD2CBE692964733E0044E06C /* 3D UI and Visualizations  */ = {
			isa = PBXGroup;
			children = (
				CD2CBE6A2964733E0044E06C /* ScannedPointCloud.swift */,
				CD2CBE6B2964733E0044E06C /* ScannedObject.swift */,
				CD2CBE6C2964733E0044E06C /* Wireframe.swift */,
				CD2CBE6D2964733E0044E06C /* BoundingBox.swift */,
				CD2CBE6E2964733E0044E06C /* BoundingBoxSide.swift */,
				CD2CBE6F2964733E0044E06C /* DetectedObject.swift */,
				CD2CBE702964733E0044E06C /* Snapping.swift */,
				CD2CBE712964733E0044E06C /* DetectedPointCloud.swift */,
				CD2CBE722964733E0044E06C /* ObjectOriginAxis.swift */,
				CD2CBE732964733E0044E06C /* PointCloud+CreateVisualization.swift */,
				CD2CBE742964733E0044E06C /* DetectedBoundingBox.swift */,
				CD2CBE752964733E0044E06C /* Tile.swift */,
				CD2CBE762964733E0044E06C /* ObjectOrigin.swift */,
			);
			name = "3D UI and Visualizations ";
			path = "ObjectTrackingDemo/3D UI and Visualizations ";
			sourceTree = "<group>";
		};
		CD2CBE782964733F0044E06C /* Views */ = {
			isa = PBXGroup;
			children = (
				CD2CBE792964733F0044E06C /* MessageLabel.swift */,
				CD2CBE7A2964733F0044E06C /* FlashlightButton.swift */,
				CD2CBE7B2964733F0044E06C /* RoundedButton.swift */,
			);
			name = Views;
			path = ObjectTrackingDemo/Views;
			sourceTree = "<group>";
		};
		CD2CBE7C2964733F0044E06C /* Utility Extensions */ = {
			isa = PBXGroup;
			children = (
				CD2CBE7D2964733F0044E06C /* Utilities.swift */,
				CD2CBE7E2964733F0044E06C /* ARCameraTrackingState.swift */,
			);
			name = "Utility Extensions";
			path = "ObjectTrackingDemo/Utility Extensions";
			sourceTree = "<group>";
		};
		CDE042F72962D20C003E31E5 /* Fonts */ = {
			isa = PBXGroup;
			children = (
				CDE042FF2962D228003E31E5 /* Roboto-Black.ttf */,
				CDE042F92962D227003E31E5 /* Roboto-BlackItalic.ttf */,
				CDE042FA2962D227003E31E5 /* Roboto-Bold.ttf */,
				CDE043022962D228003E31E5 /* Roboto-BoldItalic.ttf */,
				CDE043032962D228003E31E5 /* Roboto-Italic.ttf */,
				CDE042F82962D227003E31E5 /* Roboto-Light.ttf */,
				CDE042FB2962D227003E31E5 /* Roboto-LightItalic.ttf */,
				CDE042FC2962D227003E31E5 /* Roboto-Medium.ttf */,
				CDE043012962D228003E31E5 /* Roboto-MediumItalic.ttf */,
				CDE042FE2962D228003E31E5 /* Roboto-Regular.ttf */,
				CDE042FD2962D227003E31E5 /* Roboto-Thin.ttf */,
				CDE043002962D228003E31E5 /* Roboto-ThinItalic.ttf */,
			);
			path = Fonts;
			sourceTree = "<group>";
		};
		CDE043122962E264003E31E5 /* CustomViews */ = {
			isa = PBXGroup;
			children = (
				CDE0431829631925003E31E5 /* SwipeItem.swift */,
				CDE043102962D8EA003E31E5 /* ShoeListView.swift */,
				CDE0431629631429003E31E5 /* SwipeItemButton.swift */,
				CD2CBE4D29641A910044E06C /* CustomPopup.swift */,
				CD2CBE51296436B50044E06C /* BewertungenLabel.swift */,
			);
			path = CustomViews;
			sourceTree = "<group>";
		};
		CDE043132962E35C003E31E5 /* Model */ = {
			isa = PBXGroup;
			children = (
				CDE043142962E372003E31E5 /* ShoeModel.swift */,
			);
			path = Model;
			sourceTree = "<group>";
		};
/* End PBXGroup section */

/* Begin PBXNativeTarget section */
		2B580F8F290A7AA2008A2D92 /* ObjectTrackingDemo */ = {
			isa = PBXNativeTarget;
			buildConfigurationList = 2B580F9E290A7AA5008A2D92 /* Build configuration list for PBXNativeTarget "ObjectTrackingDemo" */;
			buildPhases = (
				2B580F8C290A7AA2008A2D92 /* Sources */,
				2B580F8D290A7AA2008A2D92 /* Frameworks */,
				2B580F8E290A7AA2008A2D92 /* Resources */,
			);
			buildRules = (
			);
			dependencies = (
			);
			name = ObjectTrackingDemo;
			packageProductDependencies = (
			);
			productName = ObjectTrackingDemo;
			productReference = 2B580F90290A7AA2008A2D92 /* ObjectTrackingDemo.app */;
			productType = "com.apple.product-type.application";
		};
/* End PBXNativeTarget section */

/* Begin PBXProject section */
		2B580F88290A7AA2008A2D92 /* Project object */ = {
			isa = PBXProject;
			attributes = {
				BuildIndependentTargetsInParallel = 1;
				LastSwiftUpdateCheck = 1410;
				LastUpgradeCheck = 1410;
				TargetAttributes = {
					2B580F8F290A7AA2008A2D92 = {
						CreatedOnToolsVersion = 14.1;
					};
				};
			};
			buildConfigurationList = 2B580F8B290A7AA2008A2D92 /* Build configuration list for PBXProject "ObjectTrackingDemo" */;
			compatibilityVersion = "Xcode 14.0";
			developmentRegion = en;
			hasScannedForEncodings = 0;
			knownRegions = (
				en,
				Base,
			);
			mainGroup = 2B580F87290A7AA2008A2D92;
			productRefGroup = 2B580F91290A7AA2008A2D92 /* Products */;
			projectDirPath = "";
			projectRoot = "";
			targets = (
				2B580F8F290A7AA2008A2D92 /* ObjectTrackingDemo */,
			);
		};
/* End PBXProject section */

/* Begin PBXResourcesBuildPhase section */
		2B580F8E290A7AA2008A2D92 /* Resources */ = {
			isa = PBXResourcesBuildPhase;
			buildActionMask = 2147483647;
			files = (
				CDE0430C2962D228003E31E5 /* Roboto-ThinItalic.ttf in Resources */,
				CDE043082962D228003E31E5 /* Roboto-Medium.ttf in Resources */,
				CDE0430D2962D228003E31E5 /* Roboto-MediumItalic.ttf in Resources */,
				CDE0430A2962D228003E31E5 /* Roboto-Regular.ttf in Resources */,
				2B580F9B290A7AA5008A2D92 /* Preview Assets.xcassets in Resources */,
				CDE043072962D228003E31E5 /* Roboto-LightItalic.ttf in Resources */,
				CDB0357E2967413F0034E260 /* PurpleAJ.scn in Resources */,
				CDE0430F2962D228003E31E5 /* Roboto-Italic.ttf in Resources */,
				CDE0430B2962D228003E31E5 /* Roboto-Black.ttf in Resources */,
				CDB0357D2967413F0034E260 /* GreenAJ.scn in Resources */,
				CDE043062962D228003E31E5 /* Roboto-Bold.ttf in Resources */,
				CDE043052962D228003E31E5 /* Roboto-BlackItalic.ttf in Resources */,
				CDE043042962D228003E31E5 /* Roboto-Light.ttf in Resources */,
				2B580F98290A7AA5008A2D92 /* Assets.xcassets in Resources */,
				CDE0430E2962D228003E31E5 /* Roboto-BoldItalic.ttf in Resources */,
				CDE043092962D228003E31E5 /* Roboto-Thin.ttf in Resources */,
				CDB035802967415A0034E260 /* RedAJ.scn in Resources */,
			);
			runOnlyForDeploymentPostprocessing = 0;
		};
/* End PBXResourcesBuildPhase section */

/* Begin PBXSourcesBuildPhase section */
		2B580F8C290A7AA2008A2D92 /* Sources */ = {
			isa = PBXSourcesBuildPhase;
			buildActionMask = 2147483647;
			files = (
				CD2CBEA8296475CA0044E06C /* Utilities.swift in Sources */,
				CD2CBEA0296474EA0044E06C /* Scan.swift in Sources */,
				CD2CBEA1296474EA0044E06C /* ThresholdRotationGestureRecognizer.swift in Sources */,
				CD2CBEA2296474EA0044E06C /* ThresholdPinchGestureRecognizer.swift in Sources */,
				CD2CBEA3296474EA0044E06C /* ThresholdPanGestureRecognizer.swift in Sources */,
				CD2CBEA4296474EA0044E06C /* Launch Screen.storyboard in Sources */,
				CD2CBEA7296474EA0044E06C /* ARCameraTrackingState.swift in Sources */,
				CD2CBE94296474BD0044E06C /* TestRun.swift in Sources */,
				CD2CBE95296474BD0044E06C /* MessageLabel.swift in Sources */,
				CD2CBE96296474BD0044E06C /* FlashlightButton.swift in Sources */,
				CD2CBE97296474BD0044E06C /* RoundedButton.swift in Sources */,
				CD2CBE87296474970044E06C /* ScannedPointCloud.swift in Sources */,
				CD2CBE88296474970044E06C /* ScannedObject.swift in Sources */,
				CD2CBE89296474970044E06C /* Wireframe.swift in Sources */,
				CD2CBE8A296474970044E06C /* BoundingBox.swift in Sources */,
				CD2CBE8B296474970044E06C /* BoundingBoxSide.swift in Sources */,
				CD2CBE8C296474970044E06C /* DetectedObject.swift in Sources */,
				CD2CBE8D296474970044E06C /* Snapping.swift in Sources */,
				CD2CBE8E296474970044E06C /* DetectedPointCloud.swift in Sources */,
				CD2CBE8F296474970044E06C /* ObjectOriginAxis.swift in Sources */,
				CD2CBE90296474970044E06C /* PointCloud+CreateVisualization.swift in Sources */,
				CD2CBE91296474970044E06C /* DetectedBoundingBox.swift in Sources */,
				CD2CBE92296474970044E06C /* Tile.swift in Sources */,
				CD2CBE93296474970044E06C /* ObjectOrigin.swift in Sources */,
				CD2CBE812964746D0044E06C /* ViewController.swift in Sources */,
				CD2CBE822964746D0044E06C /* ViewController+NavigationBar.swift in Sources */,
				CD2CBE832964746D0044E06C /* ViewController+SessionInfo.swift in Sources */,
				CD2CBE842964746D0044E06C /* ShareScanViewController.swift in Sources */,
				CD2CBE852964746D0044E06C /* ViewController+Gestures.swift in Sources */,
				CD2CBE862964746D0044E06C /* ViewController+ApplicationState.swift in Sources */,
				CDE0431B29631997003E31E5 /* DetailShoeView.swift in Sources */,
				CD2CBE4C296341A90044E06C /* ScanIntroductionView.swift in Sources */,
				CDE043112962D8EA003E31E5 /* ShoeListView.swift in Sources */,
				CDE0431929631925003E31E5 /* SwipeItem.swift in Sources */,
				CDE042EA295F166F003E31E5 /* FilterScreen.swift in Sources */,
				CD2CBE52296436B50044E06C /* BewertungenLabel.swift in Sources */,
				CDE042E8295F0DC7003E31E5 /* MainScreen.swift in Sources */,
				CDB03582296BE1720034E260 /* FilterButton.swift in Sources */,
				CDE0431729631429003E31E5 /* SwipeItemButton.swift in Sources */,
				CDE0431D29633505003E31E5 /* SwipeItemsView.swift in Sources */,
				2B580F96290A7AA2008A2D92 /* ContentView.swift in Sources */,
				CD2CBE50296434BD0044E06C /* CameraSheetView.swift in Sources */,
				CDE043152962E372003E31E5 /* ShoeModel.swift in Sources */,
				2B580F94290A7AA2008A2D92 /* ObjectTrackingDemoApp.swift in Sources */,
				CD2CBE4E29641A910044E06C /* CustomPopup.swift in Sources */,
			);
			runOnlyForDeploymentPostprocessing = 0;
		};
/* End PBXSourcesBuildPhase section */

/* Begin XCBuildConfiguration section */
		2B580F9C290A7AA5008A2D92 /* Debug */ = {
			isa = XCBuildConfiguration;
			buildSettings = {
				ALWAYS_SEARCH_USER_PATHS = NO;
				CLANG_ANALYZER_NONNULL = YES;
				CLANG_ANALYZER_NUMBER_OBJECT_CONVERSION = YES_AGGRESSIVE;
				CLANG_CXX_LANGUAGE_STANDARD = "gnu++20";
				CLANG_ENABLE_MODULES = YES;
				CLANG_ENABLE_OBJC_ARC = YES;
				CLANG_ENABLE_OBJC_WEAK = YES;
				CLANG_WARN_BLOCK_CAPTURE_AUTORELEASING = YES;
				CLANG_WARN_BOOL_CONVERSION = YES;
				CLANG_WARN_COMMA = YES;
				CLANG_WARN_CONSTANT_CONVERSION = YES;
				CLANG_WARN_DEPRECATED_OBJC_IMPLEMENTATIONS = YES;
				CLANG_WARN_DIRECT_OBJC_ISA_USAGE = YES_ERROR;
				CLANG_WARN_DOCUMENTATION_COMMENTS = YES;
				CLANG_WARN_EMPTY_BODY = YES;
				CLANG_WARN_ENUM_CONVERSION = YES;
				CLANG_WARN_INFINITE_RECURSION = YES;
				CLANG_WARN_INT_CONVERSION = YES;
				CLANG_WARN_NON_LITERAL_NULL_CONVERSION = YES;
				CLANG_WARN_OBJC_IMPLICIT_RETAIN_SELF = YES;
				CLANG_WARN_OBJC_LITERAL_CONVERSION = YES;
				CLANG_WARN_OBJC_ROOT_CLASS = YES_ERROR;
				CLANG_WARN_QUOTED_INCLUDE_IN_FRAMEWORK_HEADER = YES;
				CLANG_WARN_RANGE_LOOP_ANALYSIS = YES;
				CLANG_WARN_STRICT_PROTOTYPES = YES;
				CLANG_WARN_SUSPICIOUS_MOVE = YES;
				CLANG_WARN_UNGUARDED_AVAILABILITY = YES_AGGRESSIVE;
				CLANG_WARN_UNREACHABLE_CODE = YES;
				CLANG_WARN__DUPLICATE_METHOD_MATCH = YES;
				COPY_PHASE_STRIP = NO;
				DEBUG_INFORMATION_FORMAT = dwarf;
				ENABLE_STRICT_OBJC_MSGSEND = YES;
				ENABLE_TESTABILITY = YES;
				GCC_C_LANGUAGE_STANDARD = gnu11;
				GCC_DYNAMIC_NO_PIC = NO;
				GCC_NO_COMMON_BLOCKS = YES;
				GCC_OPTIMIZATION_LEVEL = 0;
				GCC_PREPROCESSOR_DEFINITIONS = (
					"DEBUG=1",
					"$(inherited)",
				);
				GCC_WARN_64_TO_32_BIT_CONVERSION = YES;
				GCC_WARN_ABOUT_RETURN_TYPE = YES_ERROR;
				GCC_WARN_UNDECLARED_SELECTOR = YES;
				GCC_WARN_UNINITIALIZED_AUTOS = YES_AGGRESSIVE;
				GCC_WARN_UNUSED_FUNCTION = YES;
				GCC_WARN_UNUSED_VARIABLE = YES;
				IPHONEOS_DEPLOYMENT_TARGET = 16.1;
				MTL_ENABLE_DEBUG_INFO = INCLUDE_SOURCE;
				MTL_FAST_MATH = YES;
				ONLY_ACTIVE_ARCH = YES;
				SDKROOT = iphoneos;
				SWIFT_ACTIVE_COMPILATION_CONDITIONS = DEBUG;
				SWIFT_OPTIMIZATION_LEVEL = "-Onone";
			};
			name = Debug;
		};
		2B580F9D290A7AA5008A2D92 /* Release */ = {
			isa = XCBuildConfiguration;
			buildSettings = {
				ALWAYS_SEARCH_USER_PATHS = NO;
				CLANG_ANALYZER_NONNULL = YES;
				CLANG_ANALYZER_NUMBER_OBJECT_CONVERSION = YES_AGGRESSIVE;
				CLANG_CXX_LANGUAGE_STANDARD = "gnu++20";
				CLANG_ENABLE_MODULES = YES;
				CLANG_ENABLE_OBJC_ARC = YES;
				CLANG_ENABLE_OBJC_WEAK = YES;
				CLANG_WARN_BLOCK_CAPTURE_AUTORELEASING = YES;
				CLANG_WARN_BOOL_CONVERSION = YES;
				CLANG_WARN_COMMA = YES;
				CLANG_WARN_CONSTANT_CONVERSION = YES;
				CLANG_WARN_DEPRECATED_OBJC_IMPLEMENTATIONS = YES;
				CLANG_WARN_DIRECT_OBJC_ISA_USAGE = YES_ERROR;
				CLANG_WARN_DOCUMENTATION_COMMENTS = YES;
				CLANG_WARN_EMPTY_BODY = YES;
				CLANG_WARN_ENUM_CONVERSION = YES;
				CLANG_WARN_INFINITE_RECURSION = YES;
				CLANG_WARN_INT_CONVERSION = YES;
				CLANG_WARN_NON_LITERAL_NULL_CONVERSION = YES;
				CLANG_WARN_OBJC_IMPLICIT_RETAIN_SELF = YES;
				CLANG_WARN_OBJC_LITERAL_CONVERSION = YES;
				CLANG_WARN_OBJC_ROOT_CLASS = YES_ERROR;
				CLANG_WARN_QUOTED_INCLUDE_IN_FRAMEWORK_HEADER = YES;
				CLANG_WARN_RANGE_LOOP_ANALYSIS = YES;
				CLANG_WARN_STRICT_PROTOTYPES = YES;
				CLANG_WARN_SUSPICIOUS_MOVE = YES;
				CLANG_WARN_UNGUARDED_AVAILABILITY = YES_AGGRESSIVE;
				CLANG_WARN_UNREACHABLE_CODE = YES;
				CLANG_WARN__DUPLICATE_METHOD_MATCH = YES;
				COPY_PHASE_STRIP = NO;
				DEBUG_INFORMATION_FORMAT = "dwarf-with-dsym";
				ENABLE_NS_ASSERTIONS = NO;
				ENABLE_STRICT_OBJC_MSGSEND = YES;
				GCC_C_LANGUAGE_STANDARD = gnu11;
				GCC_NO_COMMON_BLOCKS = YES;
				GCC_WARN_64_TO_32_BIT_CONVERSION = YES;
				GCC_WARN_ABOUT_RETURN_TYPE = YES_ERROR;
				GCC_WARN_UNDECLARED_SELECTOR = YES;
				GCC_WARN_UNINITIALIZED_AUTOS = YES_AGGRESSIVE;
				GCC_WARN_UNUSED_FUNCTION = YES;
				GCC_WARN_UNUSED_VARIABLE = YES;
				IPHONEOS_DEPLOYMENT_TARGET = 16.1;
				MTL_ENABLE_DEBUG_INFO = NO;
				MTL_FAST_MATH = YES;
				SDKROOT = iphoneos;
				SWIFT_COMPILATION_MODE = wholemodule;
				SWIFT_OPTIMIZATION_LEVEL = "-O";
				VALIDATE_PRODUCT = YES;
			};
			name = Release;
		};
		2B580F9F290A7AA5008A2D92 /* Debug */ = {
			isa = XCBuildConfiguration;
			buildSettings = {
				ASSETCATALOG_COMPILER_APPICON_NAME = AppIcon;
				ASSETCATALOG_COMPILER_GLOBAL_ACCENT_COLOR_NAME = AccentColor;
				CODE_SIGN_STYLE = Automatic;
				CURRENT_PROJECT_VERSION = 1;
				DEVELOPMENT_ASSET_PATHS = "\"ObjectTrackingDemo/Preview Content\"";
				DEVELOPMENT_TEAM = J8VM9NVFDC;
				ENABLE_PREVIEWS = YES;
				GENERATE_INFOPLIST_FILE = YES;
				INFOPLIST_FILE = ObjectTrackingDemo/Info.plist;
				INFOPLIST_KEY_NSCameraUsageDescription = "This application will use the camera for Augmented Reality.";
				INFOPLIST_KEY_UIApplicationSupportsIndirectInputEvents = YES;
				INFOPLIST_KEY_UILaunchScreen_Generation = YES;
				INFOPLIST_KEY_UILaunchStoryboardName = "Launch Screen.storyboard";
				INFOPLIST_KEY_UISupportedInterfaceOrientations_iPad = "UIInterfaceOrientationPortrait UIInterfaceOrientationPortraitUpsideDown UIInterfaceOrientationLandscapeLeft UIInterfaceOrientationLandscapeRight";
				INFOPLIST_KEY_UISupportedInterfaceOrientations_iPhone = "UIInterfaceOrientationPortrait UIInterfaceOrientationLandscapeLeft UIInterfaceOrientationLandscapeRight";
				LD_RUNPATH_SEARCH_PATHS = (
					"$(inherited)",
					"@executable_path/Frameworks",
				);
				MARKETING_VERSION = 1.0;
				PRODUCT_BUNDLE_IDENTIFIER = com.innowise.decathlon.ObjectTrackingDemo;
				PRODUCT_NAME = "$(TARGET_NAME)";
				SWIFT_EMIT_LOC_STRINGS = YES;
				SWIFT_VERSION = 5.0;
				TARGETED_DEVICE_FAMILY = "1,2";
			};
			name = Debug;
		};
		2B580FA0290A7AA5008A2D92 /* Release */ = {
			isa = XCBuildConfiguration;
			buildSettings = {
				ASSETCATALOG_COMPILER_APPICON_NAME = AppIcon;
				ASSETCATALOG_COMPILER_GLOBAL_ACCENT_COLOR_NAME = AccentColor;
				CODE_SIGN_STYLE = Automatic;
				CURRENT_PROJECT_VERSION = 1;
				DEVELOPMENT_ASSET_PATHS = "\"ObjectTrackingDemo/Preview Content\"";
				DEVELOPMENT_TEAM = 7YP67DVLV3;
				ENABLE_PREVIEWS = YES;
				GENERATE_INFOPLIST_FILE = YES;
				INFOPLIST_FILE = ObjectTrackingDemo/Info.plist;
				INFOPLIST_KEY_NSCameraUsageDescription = "This application will use the camera for Augmented Reality.";
				INFOPLIST_KEY_UIApplicationSupportsIndirectInputEvents = YES;
				INFOPLIST_KEY_UILaunchScreen_Generation = YES;
				INFOPLIST_KEY_UILaunchStoryboardName = "Launch Screen.storyboard";
				INFOPLIST_KEY_UISupportedInterfaceOrientations_iPad = "UIInterfaceOrientationPortrait UIInterfaceOrientationPortraitUpsideDown UIInterfaceOrientationLandscapeLeft UIInterfaceOrientationLandscapeRight";
				INFOPLIST_KEY_UISupportedInterfaceOrientations_iPhone = "UIInterfaceOrientationPortrait UIInterfaceOrientationLandscapeLeft UIInterfaceOrientationLandscapeRight";
				LD_RUNPATH_SEARCH_PATHS = (
					"$(inherited)",
					"@executable_path/Frameworks",
				);
				MARKETING_VERSION = 1.0;
				PRODUCT_BUNDLE_IDENTIFIER = com.uvolchyk.rickeriments.ObjectTrackingDemo;
				PRODUCT_NAME = "$(TARGET_NAME)";
				SWIFT_EMIT_LOC_STRINGS = YES;
				SWIFT_VERSION = 5.0;
				TARGETED_DEVICE_FAMILY = "1,2";
			};
			name = Release;
		};
/* End XCBuildConfiguration section */

/* Begin XCConfigurationList section */
		2B580F8B290A7AA2008A2D92 /* Build configuration list for PBXProject "ObjectTrackingDemo" */ = {
			isa = XCConfigurationList;
			buildConfigurations = (
				2B580F9C290A7AA5008A2D92 /* Debug */,
				2B580F9D290A7AA5008A2D92 /* Release */,
			);
			defaultConfigurationIsVisible = 0;
			defaultConfigurationName = Release;
		};
		2B580F9E290A7AA5008A2D92 /* Build configuration list for PBXNativeTarget "ObjectTrackingDemo" */ = {
			isa = XCConfigurationList;
			buildConfigurations = (
				2B580F9F290A7AA5008A2D92 /* Debug */,
				2B580FA0290A7AA5008A2D92 /* Release */,
			);
			defaultConfigurationIsVisible = 0;
			defaultConfigurationName = Release;
		};
/* End XCConfigurationList section */
	};
	rootObject = 2B580F88290A7AA2008A2D92 /* Project object */;
}
